// !$*UTF8*$!
{
	archiveVersion = 1;
	classes = {
	};
	objectVersion = 50;
	objects = {

/* Begin PBXBuildFile section */
		1231E603223B57AF001D403B /* AppDelegate.m in Sources */ = {isa = PBXBuildFile; fileRef = 1231E602223B57AF001D403B /* AppDelegate.m */; };
		1231E606223B57B0001D403B /* ViewController.m in Sources */ = {isa = PBXBuildFile; fileRef = 1231E605223B57B0001D403B /* ViewController.m */; };
		1231E609223B57B0001D403B /* Main.storyboard in Resources */ = {isa = PBXBuildFile; fileRef = 1231E607223B57B0001D403B /* Main.storyboard */; };
		1231E60B223B57B0001D403B /* Assets.xcassets in Resources */ = {isa = PBXBuildFile; fileRef = 1231E60A223B57B0001D403B /* Assets.xcassets */; };
		1231E60E223B57B0001D403B /* LaunchScreen.storyboard in Resources */ = {isa = PBXBuildFile; fileRef = 1231E60C223B57B0001D403B /* LaunchScreen.storyboard */; };
		1231E611223B57B1001D403B /* main.m in Sources */ = {isa = PBXBuildFile; fileRef = 1231E610223B57B1001D403B /* main.m */; };
		1231E61B223B57B1001D403B /* FlutterHybridDemoTests.m in Sources */ = {isa = PBXBuildFile; fileRef = 1231E61A223B57B1001D403B /* FlutterHybridDemoTests.m */; };
		1231E626223B57B1001D403B /* FlutterHybridDemoUITests.m in Sources */ = {isa = PBXBuildFile; fileRef = 1231E625223B57B1001D403B /* FlutterHybridDemoUITests.m */; };
		1231E6B2223B6C52001D403B /* CYFlutterVC.m in Sources */ = {isa = PBXBuildFile; fileRef = 1231E680223B6C51001D403B /* CYFlutterVC.m */; };
		1231E6B3223B6C52001D403B /* CYFlutterChannel.m in Sources */ = {isa = PBXBuildFile; fileRef = 1231E683223B6C51001D403B /* CYFlutterChannel.m */; };
		1231E6BA223B6C52001D403B /* AppearanceUtils.m in Sources */ = {isa = PBXBuildFile; fileRef = 1231E690223B6C51001D403B /* AppearanceUtils.m */; };
		1231E6BB223B6C52001D403B /* CYTabVC.m in Sources */ = {isa = PBXBuildFile; fileRef = 1231E692223B6C51001D403B /* CYTabVC.m */; };
		1231E6CD223B6D26001D403B /* BridgeHandlerManager.m in Sources */ = {isa = PBXBuildFile; fileRef = 1231E6CC223B6D26001D403B /* BridgeHandlerManager.m */; };
		3C8B8304625D6A45A8FDD67F /* libPods-FlutterHybridDemo.a in Frameworks */ = {isa = PBXBuildFile; fileRef = A18ED08B1F55785692FC6F13 /* libPods-FlutterHybridDemo.a */; };
		8288003BAA5DB83A791319BB /* ShowAlertHandler.m in Sources */ = {isa = PBXBuildFile; fileRef = 82880434ECDAA220C209D512 /* ShowAlertHandler.m */; };
		8288006F90F31337728CB1B4 /* BridgeCallbackSpec.m in Sources */ = {isa = PBXBuildFile; fileRef = 82880890F19AA699927723CE /* BridgeCallbackSpec.m */; };
		8288007A5511D9572FB51CD9 /* BridgeBlockHandler.m in Sources */ = {isa = PBXBuildFile; fileRef = 8288061D30EFF5CBDBE73BB3 /* BridgeBlockHandler.m */; };
		828800C9979E9F6C3F7C6431 /* BridgeInvoke.m in Sources */ = {isa = PBXBuildFile; fileRef = 828809CE8F7A004AB52A54FA /* BridgeInvoke.m */; };
		82880120B0130CAE965726D3 /* BridgeHandler.m in Sources */ = {isa = PBXBuildFile; fileRef = 828800613760551EA6D813F4 /* BridgeHandler.m */; };
		828801E398D2EFD97D246FB1 /* BridgeEventCenter.m in Sources */ = {isa = PBXBuildFile; fileRef = 82880724334DF5D0372304E8 /* BridgeEventCenter.m */; };
		82880261A11FE405C1FD5263 /* FlutterPageParameter.m in Sources */ = {isa = PBXBuildFile; fileRef = 82880D6611FCB5AF51D14E9D /* FlutterPageParameter.m */; };
		828802999B85A44664DFD5C9 /* ShowFlutterDialogHandler.m in Sources */ = {isa = PBXBuildFile; fileRef = 828803FFBB5F46C707A908CD /* ShowFlutterDialogHandler.m */; };
		8288029E24E71504468B3D29 /* SettingVC.m in Sources */ = {isa = PBXBuildFile; fileRef = 8288053D9193DAA7A0B7A6FC /* SettingVC.m */; };
		8288051564B77BE029FD3EF7 /* BridgeActionButtonSpec.m in Sources */ = {isa = PBXBuildFile; fileRef = 82880FFDDAB135299E232936 /* BridgeActionButtonSpec.m */; };
		8288057E8AB4384BEF5BEE71 /* PageBackHandler.m in Sources */ = {isa = PBXBuildFile; fileRef = 828804858C1E5DD057A2E653 /* PageBackHandler.m */; };
		828805F49329B05BB2EAEEF3 /* BridgeEventHandler.m in Sources */ = {isa = PBXBuildFile; fileRef = 8288030E02AC2DED9F71D4B5 /* BridgeEventHandler.m */; };
		828807AC12CF25A4B2BFE3FA /* FlutterEvent.m in Sources */ = {isa = PBXBuildFile; fileRef = 828802B944DE15DAC2621B56 /* FlutterEvent.m */; };
		82880928177797C2C5401FD7 /* BridgePageBackSpec.m in Sources */ = {isa = PBXBuildFile; fileRef = 828806103D104C6822CD556D /* BridgePageBackSpec.m */; };
		82880C0B4553AB92009EF30A /* InvokePop.m in Sources */ = {isa = PBXBuildFile; fileRef = 828807186AEA9068EA502216 /* InvokePop.m */; };
		82880C467A3A7E4E1CB64988 /* OpenFlutterHandler.m in Sources */ = {isa = PBXBuildFile; fileRef = 82880E3E0E572BF0A1AD7984 /* OpenFlutterHandler.m */; };
		82880EF14CDF8FE78EB4BC2E /* BridgeResultSpec.m in Sources */ = {isa = PBXBuildFile; fileRef = 8288089FE575CC943C88E24B /* BridgeResultSpec.m */; };
		82880FBAE779EC05A191B038 /* BridgeInvoker.m in Sources */ = {isa = PBXBuildFile; fileRef = 82880D6BF50A4CB5EB4D17D0 /* BridgeInvoker.m */; };
/* End PBXBuildFile section */

/* Begin PBXContainerItemProxy section */
		1231E617223B57B1001D403B /* PBXContainerItemProxy */ = {
			isa = PBXContainerItemProxy;
			containerPortal = 1231E5F6223B57AF001D403B /* Project object */;
			proxyType = 1;
			remoteGlobalIDString = 1231E5FD223B57AF001D403B;
			remoteInfo = FlutterHybridDemo;
		};
		1231E622223B57B1001D403B /* PBXContainerItemProxy */ = {
			isa = PBXContainerItemProxy;
			containerPortal = 1231E5F6223B57AF001D403B /* Project object */;
			proxyType = 1;
			remoteGlobalIDString = 1231E5FD223B57AF001D403B;
			remoteInfo = FlutterHybridDemo;
		};
/* End PBXContainerItemProxy section */

/* Begin PBXFileReference section */
		0E27B6C4227FD8F1908411F5 /* Pods-FlutterHybridDemo.release.xcconfig */ = {isa = PBXFileReference; includeInIndex = 1; lastKnownFileType = text.xcconfig; name = "Pods-FlutterHybridDemo.release.xcconfig"; path = "Pods/Target Support Files/Pods-FlutterHybridDemo/Pods-FlutterHybridDemo.release.xcconfig"; sourceTree = "<group>"; };
		1231E5FE223B57AF001D403B /* FlutterHybridDemo.app */ = {isa = PBXFileReference; explicitFileType = wrapper.application; includeInIndex = 0; path = FlutterHybridDemo.app; sourceTree = BUILT_PRODUCTS_DIR; };
		1231E601223B57AF001D403B /* AppDelegate.h */ = {isa = PBXFileReference; lastKnownFileType = sourcecode.c.h; path = AppDelegate.h; sourceTree = "<group>"; };
		1231E602223B57AF001D403B /* AppDelegate.m */ = {isa = PBXFileReference; lastKnownFileType = sourcecode.c.objc; path = AppDelegate.m; sourceTree = "<group>"; };
		1231E604223B57B0001D403B /* ViewController.h */ = {isa = PBXFileReference; lastKnownFileType = sourcecode.c.h; path = ViewController.h; sourceTree = "<group>"; };
		1231E605223B57B0001D403B /* ViewController.m */ = {isa = PBXFileReference; lastKnownFileType = sourcecode.c.objc; path = ViewController.m; sourceTree = "<group>"; };
		1231E608223B57B0001D403B /* Base */ = {isa = PBXFileReference; lastKnownFileType = file.storyboard; name = Base; path = Base.lproj/Main.storyboard; sourceTree = "<group>"; };
		1231E60A223B57B0001D403B /* Assets.xcassets */ = {isa = PBXFileReference; lastKnownFileType = folder.assetcatalog; path = Assets.xcassets; sourceTree = "<group>"; };
		1231E60D223B57B0001D403B /* Base */ = {isa = PBXFileReference; lastKnownFileType = file.storyboard; name = Base; path = Base.lproj/LaunchScreen.storyboard; sourceTree = "<group>"; };
		1231E60F223B57B1001D403B /* Info.plist */ = {isa = PBXFileReference; lastKnownFileType = text.plist.xml; path = Info.plist; sourceTree = "<group>"; };
		1231E610223B57B1001D403B /* main.m */ = {isa = PBXFileReference; lastKnownFileType = sourcecode.c.objc; path = main.m; sourceTree = "<group>"; };
		1231E616223B57B1001D403B /* FlutterHybridDemoTests.xctest */ = {isa = PBXFileReference; explicitFileType = wrapper.cfbundle; includeInIndex = 0; path = FlutterHybridDemoTests.xctest; sourceTree = BUILT_PRODUCTS_DIR; };
		1231E61A223B57B1001D403B /* FlutterHybridDemoTests.m */ = {isa = PBXFileReference; lastKnownFileType = sourcecode.c.objc; path = FlutterHybridDemoTests.m; sourceTree = "<group>"; };
		1231E61C223B57B1001D403B /* Info.plist */ = {isa = PBXFileReference; lastKnownFileType = text.plist.xml; path = Info.plist; sourceTree = "<group>"; };
		1231E621223B57B1001D403B /* FlutterHybridDemoUITests.xctest */ = {isa = PBXFileReference; explicitFileType = wrapper.cfbundle; includeInIndex = 0; path = FlutterHybridDemoUITests.xctest; sourceTree = BUILT_PRODUCTS_DIR; };
		1231E625223B57B1001D403B /* FlutterHybridDemoUITests.m */ = {isa = PBXFileReference; lastKnownFileType = sourcecode.c.objc; path = FlutterHybridDemoUITests.m; sourceTree = "<group>"; };
		1231E627223B57B1001D403B /* Info.plist */ = {isa = PBXFileReference; lastKnownFileType = text.plist.xml; path = Info.plist; sourceTree = "<group>"; };
		1231E67F223B6C51001D403B /* CYFlutterChannel.h */ = {isa = PBXFileReference; fileEncoding = 4; lastKnownFileType = sourcecode.c.h; path = CYFlutterChannel.h; sourceTree = "<group>"; };
		1231E680223B6C51001D403B /* CYFlutterVC.m */ = {isa = PBXFileReference; fileEncoding = 4; lastKnownFileType = sourcecode.c.objc; path = CYFlutterVC.m; sourceTree = "<group>"; };
		1231E682223B6C51001D403B /* CYFlutterVC.h */ = {isa = PBXFileReference; fileEncoding = 4; lastKnownFileType = sourcecode.c.h; path = CYFlutterVC.h; sourceTree = "<group>"; };
		1231E683223B6C51001D403B /* CYFlutterChannel.m */ = {isa = PBXFileReference; fileEncoding = 4; lastKnownFileType = sourcecode.c.objc; path = CYFlutterChannel.m; sourceTree = "<group>"; };
		1231E68F223B6C51001D403B /* AppearanceUtils.h */ = {isa = PBXFileReference; fileEncoding = 4; lastKnownFileType = sourcecode.c.h; path = AppearanceUtils.h; sourceTree = "<group>"; };
		1231E690223B6C51001D403B /* AppearanceUtils.m */ = {isa = PBXFileReference; fileEncoding = 4; lastKnownFileType = sourcecode.c.objc; path = AppearanceUtils.m; sourceTree = "<group>"; };
		1231E692223B6C51001D403B /* CYTabVC.m */ = {isa = PBXFileReference; fileEncoding = 4; lastKnownFileType = sourcecode.c.objc; path = CYTabVC.m; sourceTree = "<group>"; };
		1231E693223B6C51001D403B /* CYTabVC.h */ = {isa = PBXFileReference; fileEncoding = 4; lastKnownFileType = sourcecode.c.h; path = CYTabVC.h; sourceTree = "<group>"; };
		1231E6CB223B6D26001D403B /* BridgeHandlerManager.h */ = {isa = PBXFileReference; lastKnownFileType = sourcecode.c.h; path = BridgeHandlerManager.h; sourceTree = "<group>"; };
		1231E6CC223B6D26001D403B /* BridgeHandlerManager.m */ = {isa = PBXFileReference; lastKnownFileType = sourcecode.c.objc; path = BridgeHandlerManager.m; sourceTree = "<group>"; };
		15791724F1FB80D8F6028DD8 /* Pods-FlutterHybridDemo.debug.xcconfig */ = {isa = PBXFileReference; includeInIndex = 1; lastKnownFileType = text.xcconfig; name = "Pods-FlutterHybridDemo.debug.xcconfig"; path = "Pods/Target Support Files/Pods-FlutterHybridDemo/Pods-FlutterHybridDemo.debug.xcconfig"; sourceTree = "<group>"; };
		82880017D3C4C5EF2DE1DC20 /* OpenFlutterHandler.h */ = {isa = PBXFileReference; fileEncoding = 4; lastKnownFileType = sourcecode.c.h; path = OpenFlutterHandler.h; sourceTree = "<group>"; };
		828800613760551EA6D813F4 /* BridgeHandler.m */ = {isa = PBXFileReference; fileEncoding = 4; lastKnownFileType = sourcecode.c.objc; path = BridgeHandler.m; sourceTree = "<group>"; };
		8288008EEAAF58AC47E6A482 /* SettingVC.h */ = {isa = PBXFileReference; fileEncoding = 4; lastKnownFileType = sourcecode.c.h; path = SettingVC.h; sourceTree = "<group>"; };
		8288013074EF3C4974C45CD2 /* BridgeActionButtonSpec.h */ = {isa = PBXFileReference; fileEncoding = 4; lastKnownFileType = sourcecode.c.h; path = BridgeActionButtonSpec.h; sourceTree = "<group>"; };
		828801A85E14FA877B579C09 /* BridgeResultSpec.h */ = {isa = PBXFileReference; fileEncoding = 4; lastKnownFileType = sourcecode.c.h; path = BridgeResultSpec.h; sourceTree = "<group>"; };
		828802043056C779F1ED0AA2 /* FlutterEvent.h */ = {isa = PBXFileReference; fileEncoding = 4; lastKnownFileType = sourcecode.c.h; path = FlutterEvent.h; sourceTree = "<group>"; };
		828802B944DE15DAC2621B56 /* FlutterEvent.m */ = {isa = PBXFileReference; fileEncoding = 4; lastKnownFileType = sourcecode.c.objc; path = FlutterEvent.m; sourceTree = "<group>"; };
		8288030E02AC2DED9F71D4B5 /* BridgeEventHandler.m */ = {isa = PBXFileReference; fileEncoding = 4; lastKnownFileType = sourcecode.c.objc; path = BridgeEventHandler.m; sourceTree = "<group>"; };
		828803F1DAD90782FAE2EF7A /* PageBackHandler.h */ = {isa = PBXFileReference; fileEncoding = 4; lastKnownFileType = sourcecode.c.h; path = PageBackHandler.h; sourceTree = "<group>"; };
		828803FFBB5F46C707A908CD /* ShowFlutterDialogHandler.m */ = {isa = PBXFileReference; fileEncoding = 4; lastKnownFileType = sourcecode.c.objc; path = ShowFlutterDialogHandler.m; sourceTree = "<group>"; };
		82880434ECDAA220C209D512 /* ShowAlertHandler.m */ = {isa = PBXFileReference; fileEncoding = 4; lastKnownFileType = sourcecode.c.objc; path = ShowAlertHandler.m; sourceTree = "<group>"; };
		8288046B5308D020555D0242 /* InvokePop.h */ = {isa = PBXFileReference; fileEncoding = 4; lastKnownFileType = sourcecode.c.h; path = InvokePop.h; sourceTree = "<group>"; };
		828804858C1E5DD057A2E653 /* PageBackHandler.m */ = {isa = PBXFileReference; fileEncoding = 4; lastKnownFileType = sourcecode.c.objc; path = PageBackHandler.m; sourceTree = "<group>"; };
		8288053D9193DAA7A0B7A6FC /* SettingVC.m */ = {isa = PBXFileReference; fileEncoding = 4; lastKnownFileType = sourcecode.c.objc; path = SettingVC.m; sourceTree = "<group>"; };
		82880567401C82F02047C1F8 /* FlutterPageParameter.h */ = {isa = PBXFileReference; fileEncoding = 4; lastKnownFileType = sourcecode.c.h; path = FlutterPageParameter.h; sourceTree = "<group>"; };
		82880590623E35B9EAD01B45 /* InvokeChannel.h */ = {isa = PBXFileReference; fileEncoding = 4; lastKnownFileType = sourcecode.c.h; path = InvokeChannel.h; sourceTree = "<group>"; };
		828805D89488AA02AA37F40F /* BridgeInvoker.h */ = {isa = PBXFileReference; fileEncoding = 4; lastKnownFileType = sourcecode.c.h; path = BridgeInvoker.h; sourceTree = "<group>"; };
		8288060BCFD7C2B948F36F4A /* BridgeBlockHandler.h */ = {isa = PBXFileReference; fileEncoding = 4; lastKnownFileType = sourcecode.c.h; path = BridgeBlockHandler.h; sourceTree = "<group>"; };
		828806103D104C6822CD556D /* BridgePageBackSpec.m */ = {isa = PBXFileReference; fileEncoding = 4; lastKnownFileType = sourcecode.c.objc; path = BridgePageBackSpec.m; sourceTree = "<group>"; };
		8288061D30EFF5CBDBE73BB3 /* BridgeBlockHandler.m */ = {isa = PBXFileReference; fileEncoding = 4; lastKnownFileType = sourcecode.c.objc; path = BridgeBlockHandler.m; sourceTree = "<group>"; };
		828807186AEA9068EA502216 /* InvokePop.m */ = {isa = PBXFileReference; fileEncoding = 4; lastKnownFileType = sourcecode.c.objc; path = InvokePop.m; sourceTree = "<group>"; };
		82880724334DF5D0372304E8 /* BridgeEventCenter.m */ = {isa = PBXFileReference; fileEncoding = 4; lastKnownFileType = sourcecode.c.objc; path = BridgeEventCenter.m; sourceTree = "<group>"; };
		828807B14B70E51B1EE5B82D /* BridgeCallbackSpec.h */ = {isa = PBXFileReference; fileEncoding = 4; lastKnownFileType = sourcecode.c.h; path = BridgeCallbackSpec.h; sourceTree = "<group>"; };
		82880890F19AA699927723CE /* BridgeCallbackSpec.m */ = {isa = PBXFileReference; fileEncoding = 4; lastKnownFileType = sourcecode.c.objc; path = BridgeCallbackSpec.m; sourceTree = "<group>"; };
		8288089FE575CC943C88E24B /* BridgeResultSpec.m */ = {isa = PBXFileReference; fileEncoding = 4; lastKnownFileType = sourcecode.c.objc; path = BridgeResultSpec.m; sourceTree = "<group>"; };
		82880971299C4517199D8CF4 /* BridgePageBackSpec.h */ = {isa = PBXFileReference; fileEncoding = 4; lastKnownFileType = sourcecode.c.h; path = BridgePageBackSpec.h; sourceTree = "<group>"; };
		828809CE8F7A004AB52A54FA /* BridgeInvoke.m */ = {isa = PBXFileReference; fileEncoding = 4; lastKnownFileType = sourcecode.c.objc; path = BridgeInvoke.m; sourceTree = "<group>"; };
		82880CAD049EFF7AF6CB0C70 /* BridgeInvoke.h */ = {isa = PBXFileReference; fileEncoding = 4; lastKnownFileType = sourcecode.c.h; path = BridgeInvoke.h; sourceTree = "<group>"; };
		82880CEEDAE1B8C28FD6EB2B /* BridgeHandler.h */ = {isa = PBXFileReference; fileEncoding = 4; lastKnownFileType = sourcecode.c.h; path = BridgeHandler.h; sourceTree = "<group>"; };
		82880D6611FCB5AF51D14E9D /* FlutterPageParameter.m */ = {isa = PBXFileReference; fileEncoding = 4; lastKnownFileType = sourcecode.c.objc; path = FlutterPageParameter.m; sourceTree = "<group>"; };
		82880D6BF50A4CB5EB4D17D0 /* BridgeInvoker.m */ = {isa = PBXFileReference; fileEncoding = 4; lastKnownFileType = sourcecode.c.objc; path = BridgeInvoker.m; sourceTree = "<group>"; };
		82880DC4A73FEFF18A689431 /* ShowFlutterDialogHandler.h */ = {isa = PBXFileReference; fileEncoding = 4; lastKnownFileType = sourcecode.c.h; path = ShowFlutterDialogHandler.h; sourceTree = "<group>"; };
		82880E3E0E572BF0A1AD7984 /* OpenFlutterHandler.m */ = {isa = PBXFileReference; fileEncoding = 4; lastKnownFileType = sourcecode.c.objc; path = OpenFlutterHandler.m; sourceTree = "<group>"; };
		82880FA0F67C8FAC40E2890B /* BridgeEventHandler.h */ = {isa = PBXFileReference; fileEncoding = 4; lastKnownFileType = sourcecode.c.h; path = BridgeEventHandler.h; sourceTree = "<group>"; };
		82880FB639D780304D10E922 /* ShowAlertHandler.h */ = {isa = PBXFileReference; fileEncoding = 4; lastKnownFileType = sourcecode.c.h; path = ShowAlertHandler.h; sourceTree = "<group>"; };
		82880FDB292197F770785E8A /* BridgeEventCenter.h */ = {isa = PBXFileReference; fileEncoding = 4; lastKnownFileType = sourcecode.c.h; path = BridgeEventCenter.h; sourceTree = "<group>"; };
		82880FFDDAB135299E232936 /* BridgeActionButtonSpec.m */ = {isa = PBXFileReference; fileEncoding = 4; lastKnownFileType = sourcecode.c.objc; path = BridgeActionButtonSpec.m; sourceTree = "<group>"; };
		A18ED08B1F55785692FC6F13 /* libPods-FlutterHybridDemo.a */ = {isa = PBXFileReference; explicitFileType = archive.ar; includeInIndex = 0; path = "libPods-FlutterHybridDemo.a"; sourceTree = BUILT_PRODUCTS_DIR; };
/* End PBXFileReference section */

/* Begin PBXFrameworksBuildPhase section */
		1231E5FB223B57AF001D403B /* Frameworks */ = {
			isa = PBXFrameworksBuildPhase;
			buildActionMask = 2147483647;
			files = (
				3C8B8304625D6A45A8FDD67F /* libPods-FlutterHybridDemo.a in Frameworks */,
			);
			runOnlyForDeploymentPostprocessing = 0;
		};
		1231E613223B57B1001D403B /* Frameworks */ = {
			isa = PBXFrameworksBuildPhase;
			buildActionMask = 2147483647;
			files = (
			);
			runOnlyForDeploymentPostprocessing = 0;
		};
		1231E61E223B57B1001D403B /* Frameworks */ = {
			isa = PBXFrameworksBuildPhase;
			buildActionMask = 2147483647;
			files = (
			);
			runOnlyForDeploymentPostprocessing = 0;
		};
/* End PBXFrameworksBuildPhase section */

/* Begin PBXGroup section */
		1231E5F5223B57AF001D403B = {
			isa = PBXGroup;
			children = (
				1231E67C223B6C51001D403B /* flutter_ios_utils */,
				1231E688223B6C51001D403B /* widgets_ios */,
				1231E600223B57AF001D403B /* FlutterHybridDemo */,
				1231E619223B57B1001D403B /* FlutterHybridDemoTests */,
				1231E624223B57B1001D403B /* FlutterHybridDemoUITests */,
				1231E5FF223B57AF001D403B /* Products */,
				8DC7D49A793C8B05F4DAF87B /* Pods */,
				7327C3E06B624D53D90E6A15 /* Frameworks */,
			);
			sourceTree = "<group>";
		};
		1231E5FF223B57AF001D403B /* Products */ = {
			isa = PBXGroup;
			children = (
				1231E5FE223B57AF001D403B /* FlutterHybridDemo.app */,
				1231E616223B57B1001D403B /* FlutterHybridDemoTests.xctest */,
				1231E621223B57B1001D403B /* FlutterHybridDemoUITests.xctest */,
			);
			name = Products;
			sourceTree = "<group>";
		};
		1231E600223B57AF001D403B /* FlutterHybridDemo */ = {
			isa = PBXGroup;
			children = (
				1231E601223B57AF001D403B /* AppDelegate.h */,
				1231E602223B57AF001D403B /* AppDelegate.m */,
				1231E604223B57B0001D403B /* ViewController.h */,
				1231E605223B57B0001D403B /* ViewController.m */,
				1231E607223B57B0001D403B /* Main.storyboard */,
				1231E60A223B57B0001D403B /* Assets.xcassets */,
				1231E60C223B57B0001D403B /* LaunchScreen.storyboard */,
				1231E60F223B57B1001D403B /* Info.plist */,
				1231E610223B57B1001D403B /* main.m */,
				8288053D9193DAA7A0B7A6FC /* SettingVC.m */,
				8288008EEAAF58AC47E6A482 /* SettingVC.h */,
			);
			path = FlutterHybridDemo;
			sourceTree = "<group>";
		};
		1231E619223B57B1001D403B /* FlutterHybridDemoTests */ = {
			isa = PBXGroup;
			children = (
				1231E61A223B57B1001D403B /* FlutterHybridDemoTests.m */,
				1231E61C223B57B1001D403B /* Info.plist */,
			);
			path = FlutterHybridDemoTests;
			sourceTree = "<group>";
		};
		1231E624223B57B1001D403B /* FlutterHybridDemoUITests */ = {
			isa = PBXGroup;
			children = (
				1231E625223B57B1001D403B /* FlutterHybridDemoUITests.m */,
				1231E627223B57B1001D403B /* Info.plist */,
			);
			path = FlutterHybridDemoUITests;
			sourceTree = "<group>";
		};
		1231E67C223B6C51001D403B /* flutter_ios_utils */ = {
			isa = PBXGroup;
			children = (
				1231E67E223B6C51001D403B /* Classes */,
			);
			path = flutter_ios_utils;
			sourceTree = "<group>";
		};
		1231E67E223B6C51001D403B /* Classes */ = {
			isa = PBXGroup;
			children = (
				1231E6C7223B6C93001D403B /* Bridge */,
				1231E67F223B6C51001D403B /* CYFlutterChannel.h */,
				1231E680223B6C51001D403B /* CYFlutterVC.m */,
				1231E682223B6C51001D403B /* CYFlutterVC.h */,
				1231E683223B6C51001D403B /* CYFlutterChannel.m */,
			);
			path = Classes;
			sourceTree = "<group>";
		};
		1231E688223B6C51001D403B /* widgets_ios */ = {
			isa = PBXGroup;
			children = (
				1231E68D223B6C51001D403B /* Classes */,
			);
			path = widgets_ios;
			sourceTree = "<group>";
		};
		1231E68D223B6C51001D403B /* Classes */ = {
			isa = PBXGroup;
			children = (
				1231E68E223B6C51001D403B /* Appearance */,
				1231E691223B6C51001D403B /* Tab */,
			);
			path = Classes;
			sourceTree = "<group>";
		};
		1231E68E223B6C51001D403B /* Appearance */ = {
			isa = PBXGroup;
			children = (
				1231E68F223B6C51001D403B /* AppearanceUtils.h */,
				1231E690223B6C51001D403B /* AppearanceUtils.m */,
			);
			path = Appearance;
			sourceTree = "<group>";
		};
		1231E691223B6C51001D403B /* Tab */ = {
			isa = PBXGroup;
			children = (
				1231E692223B6C51001D403B /* CYTabVC.m */,
				1231E693223B6C51001D403B /* CYTabVC.h */,
			);
			path = Tab;
			sourceTree = "<group>";
		};
		1231E6C7223B6C93001D403B /* Bridge */ = {
			isa = PBXGroup;
			children = (
				1231E6CB223B6D26001D403B /* BridgeHandlerManager.h */,
				1231E6CC223B6D26001D403B /* BridgeHandlerManager.m */,
				82880D6BF50A4CB5EB4D17D0 /* BridgeInvoker.m */,
				828805D89488AA02AA37F40F /* BridgeInvoker.h */,
				82880724334DF5D0372304E8 /* BridgeEventCenter.m */,
				82880FDB292197F770785E8A /* BridgeEventCenter.h */,
				828803156DF93DAC5377F7C8 /* Specs */,
				828808E42164FCC15D141000 /* Handlers */,
				828801716FED3BC5009A4736 /* Invokes */,
			);
			path = Bridge;
			sourceTree = "<group>";
		};
		7327C3E06B624D53D90E6A15 /* Frameworks */ = {
			isa = PBXGroup;
			children = (
				A18ED08B1F55785692FC6F13 /* libPods-FlutterHybridDemo.a */,
			);
			name = Frameworks;
			sourceTree = "<group>";
		};
		828801716FED3BC5009A4736 /* Invokes */ = {
			isa = PBXGroup;
			children = (
				828807186AEA9068EA502216 /* InvokePop.m */,
				8288046B5308D020555D0242 /* InvokePop.h */,
				828809CE8F7A004AB52A54FA /* BridgeInvoke.m */,
				82880CAD049EFF7AF6CB0C70 /* BridgeInvoke.h */,
				82880590623E35B9EAD01B45 /* InvokeChannel.h */,
			);
			path = Invokes;
			sourceTree = "<group>";
		};
		828803156DF93DAC5377F7C8 /* Specs */ = {
			isa = PBXGroup;
			children = (
				828802B944DE15DAC2621B56 /* FlutterEvent.m */,
				828802043056C779F1ED0AA2 /* FlutterEvent.h */,
				82880D6611FCB5AF51D14E9D /* FlutterPageParameter.m */,
				82880567401C82F02047C1F8 /* FlutterPageParameter.h */,
				8288013074EF3C4974C45CD2 /* BridgeActionButtonSpec.h */,
				82880FFDDAB135299E232936 /* BridgeActionButtonSpec.m */,
				828807B14B70E51B1EE5B82D /* BridgeCallbackSpec.h */,
				82880890F19AA699927723CE /* BridgeCallbackSpec.m */,
				8288089FE575CC943C88E24B /* BridgeResultSpec.m */,
				828801A85E14FA877B579C09 /* BridgeResultSpec.h */,
				828806103D104C6822CD556D /* BridgePageBackSpec.m */,
				82880971299C4517199D8CF4 /* BridgePageBackSpec.h */,
			);
			path = Specs;
			sourceTree = "<group>";
		};
		828808E42164FCC15D141000 /* Handlers */ = {
			isa = PBXGroup;
			children = (
				8288030E02AC2DED9F71D4B5 /* BridgeEventHandler.m */,
				82880CEEDAE1B8C28FD6EB2B /* BridgeHandler.h */,
				82880017D3C4C5EF2DE1DC20 /* OpenFlutterHandler.h */,
				82880E3E0E572BF0A1AD7984 /* OpenFlutterHandler.m */,
				82880FA0F67C8FAC40E2890B /* BridgeEventHandler.h */,
				828800613760551EA6D813F4 /* BridgeHandler.m */,
				8288060BCFD7C2B948F36F4A /* BridgeBlockHandler.h */,
				8288061D30EFF5CBDBE73BB3 /* BridgeBlockHandler.m */,
				828804858C1E5DD057A2E653 /* PageBackHandler.m */,
				828803F1DAD90782FAE2EF7A /* PageBackHandler.h */,
				82880434ECDAA220C209D512 /* ShowAlertHandler.m */,
				82880FB639D780304D10E922 /* ShowAlertHandler.h */,
				828803FFBB5F46C707A908CD /* ShowFlutterDialogHandler.m */,
				82880DC4A73FEFF18A689431 /* ShowFlutterDialogHandler.h */,
			);
			path = Handlers;
			sourceTree = "<group>";
		};
		8DC7D49A793C8B05F4DAF87B /* Pods */ = {
			isa = PBXGroup;
			children = (
				15791724F1FB80D8F6028DD8 /* Pods-FlutterHybridDemo.debug.xcconfig */,
				0E27B6C4227FD8F1908411F5 /* Pods-FlutterHybridDemo.release.xcconfig */,
			);
			name = Pods;
			sourceTree = "<group>";
		};
/* End PBXGroup section */

/* Begin PBXNativeTarget section */
		1231E5FD223B57AF001D403B /* FlutterHybridDemo */ = {
			isa = PBXNativeTarget;
			buildConfigurationList = 1231E62A223B57B1001D403B /* Build configuration list for PBXNativeTarget "FlutterHybridDemo" */;
			buildPhases = (
				815B354F2303AD09C7E09F5D /* [CP] Check Pods Manifest.lock */,
				1231E633223B5C3B001D403B /* flutter */,
				1231E5FA223B57AF001D403B /* Sources */,
				1231E5FB223B57AF001D403B /* Frameworks */,
				1231E5FC223B57AF001D403B /* Resources */,
				7BD599E799A41F3EAE8EE1CD /* [CP] Copy Pods Resources */,
				4667952122ACDA20DF24AECE /* [CP] Embed Pods Frameworks */,
			);
			buildRules = (
			);
			dependencies = (
			);
			name = FlutterHybridDemo;
			productName = FlutterHybridDemo;
			productReference = 1231E5FE223B57AF001D403B /* FlutterHybridDemo.app */;
			productType = "com.apple.product-type.application";
		};
		1231E615223B57B1001D403B /* FlutterHybridDemoTests */ = {
			isa = PBXNativeTarget;
			buildConfigurationList = 1231E62D223B57B1001D403B /* Build configuration list for PBXNativeTarget "FlutterHybridDemoTests" */;
			buildPhases = (
				1231E612223B57B1001D403B /* Sources */,
				1231E613223B57B1001D403B /* Frameworks */,
				1231E614223B57B1001D403B /* Resources */,
			);
			buildRules = (
			);
			dependencies = (
				1231E618223B57B1001D403B /* PBXTargetDependency */,
			);
			name = FlutterHybridDemoTests;
			productName = FlutterHybridDemoTests;
			productReference = 1231E616223B57B1001D403B /* FlutterHybridDemoTests.xctest */;
			productType = "com.apple.product-type.bundle.unit-test";
		};
		1231E620223B57B1001D403B /* FlutterHybridDemoUITests */ = {
			isa = PBXNativeTarget;
			buildConfigurationList = 1231E630223B57B1001D403B /* Build configuration list for PBXNativeTarget "FlutterHybridDemoUITests" */;
			buildPhases = (
				1231E61D223B57B1001D403B /* Sources */,
				1231E61E223B57B1001D403B /* Frameworks */,
				1231E61F223B57B1001D403B /* Resources */,
			);
			buildRules = (
			);
			dependencies = (
				1231E623223B57B1001D403B /* PBXTargetDependency */,
			);
			name = FlutterHybridDemoUITests;
			productName = FlutterHybridDemoUITests;
			productReference = 1231E621223B57B1001D403B /* FlutterHybridDemoUITests.xctest */;
			productType = "com.apple.product-type.bundle.ui-testing";
		};
/* End PBXNativeTarget section */

/* Begin PBXProject section */
		1231E5F6223B57AF001D403B /* Project object */ = {
			isa = PBXProject;
			attributes = {
				LastUpgradeCheck = 1010;
				ORGANIZATIONNAME = Lattern;
				TargetAttributes = {
					1231E5FD223B57AF001D403B = {
						CreatedOnToolsVersion = 10.1;
					};
					1231E615223B57B1001D403B = {
						CreatedOnToolsVersion = 10.1;
						TestTargetID = 1231E5FD223B57AF001D403B;
					};
					1231E620223B57B1001D403B = {
						CreatedOnToolsVersion = 10.1;
						TestTargetID = 1231E5FD223B57AF001D403B;
					};
				};
			};
			buildConfigurationList = 1231E5F9223B57AF001D403B /* Build configuration list for PBXProject "FlutterHybridDemo" */;
			compatibilityVersion = "Xcode 9.3";
			developmentRegion = en;
			hasScannedForEncodings = 0;
			knownRegions = (
				en,
				Base,
			);
			mainGroup = 1231E5F5223B57AF001D403B;
			productRefGroup = 1231E5FF223B57AF001D403B /* Products */;
			projectDirPath = "";
			projectRoot = "";
			targets = (
				1231E5FD223B57AF001D403B /* FlutterHybridDemo */,
				1231E615223B57B1001D403B /* FlutterHybridDemoTests */,
				1231E620223B57B1001D403B /* FlutterHybridDemoUITests */,
			);
		};
/* End PBXProject section */

/* Begin PBXResourcesBuildPhase section */
		1231E5FC223B57AF001D403B /* Resources */ = {
			isa = PBXResourcesBuildPhase;
			buildActionMask = 2147483647;
			files = (
				1231E60E223B57B0001D403B /* LaunchScreen.storyboard in Resources */,
				1231E60B223B57B0001D403B /* Assets.xcassets in Resources */,
				1231E609223B57B0001D403B /* Main.storyboard in Resources */,
			);
			runOnlyForDeploymentPostprocessing = 0;
		};
		1231E614223B57B1001D403B /* Resources */ = {
			isa = PBXResourcesBuildPhase;
			buildActionMask = 2147483647;
			files = (
			);
			runOnlyForDeploymentPostprocessing = 0;
		};
		1231E61F223B57B1001D403B /* Resources */ = {
			isa = PBXResourcesBuildPhase;
			buildActionMask = 2147483647;
			files = (
			);
			runOnlyForDeploymentPostprocessing = 0;
		};
/* End PBXResourcesBuildPhase section */

/* Begin PBXShellScriptBuildPhase section */
		1231E633223B5C3B001D403B /* flutter */ = {
			isa = PBXShellScriptBuildPhase;
			buildActionMask = 2147483647;
			files = (
			);
			inputFileListPaths = (
			);
			inputPaths = (
			);
			name = flutter;
			outputFileListPaths = (
			);
			outputPaths = (
			);
			runOnlyForDeploymentPostprocessing = 0;
			shellPath = /bin/sh;
			shellScript = "\"$FLUTTER_ROOT/packages/flutter_tools/bin/xcode_backend.sh\" build\n\"$FLUTTER_ROOT/packages/flutter_tools/bin/xcode_backend.sh\" embed\n";
		};
		4667952122ACDA20DF24AECE /* [CP] Embed Pods Frameworks */ = {
			isa = PBXShellScriptBuildPhase;
			buildActionMask = 2147483647;
			files = (
			);
			inputPaths = (
				"${SRCROOT}/Pods/Target Support Files/Pods-FlutterHybridDemo/Pods-FlutterHybridDemo-frameworks.sh",
				"${PODS_ROOT}/../flutter_demo/.ios/Flutter/engine/Flutter.framework",
			);
			name = "[CP] Embed Pods Frameworks";
			outputPaths = (
				"${TARGET_BUILD_DIR}/${FRAMEWORKS_FOLDER_PATH}/Flutter.framework",
			);
			runOnlyForDeploymentPostprocessing = 0;
			shellPath = /bin/sh;
			shellScript = "\"${SRCROOT}/Pods/Target Support Files/Pods-FlutterHybridDemo/Pods-FlutterHybridDemo-frameworks.sh\"\n";
			showEnvVarsInLog = 0;
		};
		7BD599E799A41F3EAE8EE1CD /* [CP] Copy Pods Resources */ = {
			isa = PBXShellScriptBuildPhase;
			buildActionMask = 2147483647;
			files = (
			);
			inputPaths = (
				"${SRCROOT}/Pods/Target Support Files/Pods-FlutterHybridDemo/Pods-FlutterHybridDemo-resources.sh",
				"${PODS_ROOT}/MJRefresh/MJRefresh/MJRefresh.bundle",
				"${PODS_CONFIGURATION_BUILD_DIR}/Nimbus/WebController.bundle",
				"${PODS_ROOT}/SVProgressHUD/SVProgressHUD/SVProgressHUD.bundle",
			);
			name = "[CP] Copy Pods Resources";
			outputPaths = (
				"${TARGET_BUILD_DIR}/${UNLOCALIZED_RESOURCES_FOLDER_PATH}/MJRefresh.bundle",
				"${TARGET_BUILD_DIR}/${UNLOCALIZED_RESOURCES_FOLDER_PATH}/WebController.bundle",
				"${TARGET_BUILD_DIR}/${UNLOCALIZED_RESOURCES_FOLDER_PATH}/SVProgressHUD.bundle",
			);
			runOnlyForDeploymentPostprocessing = 0;
			shellPath = /bin/sh;
			shellScript = "\"${SRCROOT}/Pods/Target Support Files/Pods-FlutterHybridDemo/Pods-FlutterHybridDemo-resources.sh\"\n";
			showEnvVarsInLog = 0;
		};
		815B354F2303AD09C7E09F5D /* [CP] Check Pods Manifest.lock */ = {
			isa = PBXShellScriptBuildPhase;
			buildActionMask = 2147483647;
			files = (
			);
			inputPaths = (
				"${PODS_PODFILE_DIR_PATH}/Podfile.lock",
				"${PODS_ROOT}/Manifest.lock",
			);
			name = "[CP] Check Pods Manifest.lock";
			outputPaths = (
				"$(DERIVED_FILE_DIR)/Pods-FlutterHybridDemo-checkManifestLockResult.txt",
			);
			runOnlyForDeploymentPostprocessing = 0;
			shellPath = /bin/sh;
			shellScript = "diff \"${PODS_PODFILE_DIR_PATH}/Podfile.lock\" \"${PODS_ROOT}/Manifest.lock\" > /dev/null\nif [ $? != 0 ] ; then\n    # print error to STDERR\n    echo \"error: The sandbox is not in sync with the Podfile.lock. Run 'pod install' or update your CocoaPods installation.\" >&2\n    exit 1\nfi\n# This output is used by Xcode 'outputs' to avoid re-running this script phase.\necho \"SUCCESS\" > \"${SCRIPT_OUTPUT_FILE_0}\"\n";
			showEnvVarsInLog = 0;
		};
/* End PBXShellScriptBuildPhase section */

/* Begin PBXSourcesBuildPhase section */
		1231E5FA223B57AF001D403B /* Sources */ = {
			isa = PBXSourcesBuildPhase;
			buildActionMask = 2147483647;
			files = (
				1231E606223B57B0001D403B /* ViewController.m in Sources */,
				1231E611223B57B1001D403B /* main.m in Sources */,
				1231E603223B57AF001D403B /* AppDelegate.m in Sources */,
				1231E6B2223B6C52001D403B /* CYFlutterVC.m in Sources */,
				1231E6BB223B6C52001D403B /* CYTabVC.m in Sources */,
				1231E6BA223B6C52001D403B /* AppearanceUtils.m in Sources */,
				1231E6CD223B6D26001D403B /* BridgeHandlerManager.m in Sources */,
				1231E6B3223B6C52001D403B /* CYFlutterChannel.m in Sources */,
				82880FBAE779EC05A191B038 /* BridgeInvoker.m in Sources */,
				828801E398D2EFD97D246FB1 /* BridgeEventCenter.m in Sources */,
				828807AC12CF25A4B2BFE3FA /* FlutterEvent.m in Sources */,
				82880261A11FE405C1FD5263 /* FlutterPageParameter.m in Sources */,
				8288051564B77BE029FD3EF7 /* BridgeActionButtonSpec.m in Sources */,
				8288006F90F31337728CB1B4 /* BridgeCallbackSpec.m in Sources */,
				828805F49329B05BB2EAEEF3 /* BridgeEventHandler.m in Sources */,
				82880C467A3A7E4E1CB64988 /* OpenFlutterHandler.m in Sources */,
				82880120B0130CAE965726D3 /* BridgeHandler.m in Sources */,
				8288007A5511D9572FB51CD9 /* BridgeBlockHandler.m in Sources */,
				82880EF14CDF8FE78EB4BC2E /* BridgeResultSpec.m in Sources */,
				82880C0B4553AB92009EF30A /* InvokePop.m in Sources */,
				828800C9979E9F6C3F7C6431 /* BridgeInvoke.m in Sources */,
				8288029E24E71504468B3D29 /* SettingVC.m in Sources */,
				8288057E8AB4384BEF5BEE71 /* PageBackHandler.m in Sources */,
				82880928177797C2C5401FD7 /* BridgePageBackSpec.m in Sources */,
				8288003BAA5DB83A791319BB /* ShowAlertHandler.m in Sources */,
				828802999B85A44664DFD5C9 /* ShowFlutterDialogHandler.m in Sources */,
			);
			runOnlyForDeploymentPostprocessing = 0;
		};
		1231E612223B57B1001D403B /* Sources */ = {
			isa = PBXSourcesBuildPhase;
			buildActionMask = 2147483647;
			files = (
				1231E61B223B57B1001D403B /* FlutterHybridDemoTests.m in Sources */,
			);
			runOnlyForDeploymentPostprocessing = 0;
		};
		1231E61D223B57B1001D403B /* Sources */ = {
			isa = PBXSourcesBuildPhase;
			buildActionMask = 2147483647;
			files = (
				1231E626223B57B1001D403B /* FlutterHybridDemoUITests.m in Sources */,
			);
			runOnlyForDeploymentPostprocessing = 0;
		};
/* End PBXSourcesBuildPhase section */

/* Begin PBXTargetDependency section */
		1231E618223B57B1001D403B /* PBXTargetDependency */ = {
			isa = PBXTargetDependency;
			target = 1231E5FD223B57AF001D403B /* FlutterHybridDemo */;
			targetProxy = 1231E617223B57B1001D403B /* PBXContainerItemProxy */;
		};
		1231E623223B57B1001D403B /* PBXTargetDependency */ = {
			isa = PBXTargetDependency;
			target = 1231E5FD223B57AF001D403B /* FlutterHybridDemo */;
			targetProxy = 1231E622223B57B1001D403B /* PBXContainerItemProxy */;
		};
/* End PBXTargetDependency section */

/* Begin PBXVariantGroup section */
		1231E607223B57B0001D403B /* Main.storyboard */ = {
			isa = PBXVariantGroup;
			children = (
				1231E608223B57B0001D403B /* Base */,
			);
			name = Main.storyboard;
			sourceTree = "<group>";
		};
		1231E60C223B57B0001D403B /* LaunchScreen.storyboard */ = {
			isa = PBXVariantGroup;
			children = (
				1231E60D223B57B0001D403B /* Base */,
			);
			name = LaunchScreen.storyboard;
			sourceTree = "<group>";
		};
/* End PBXVariantGroup section */

/* Begin XCBuildConfiguration section */
		1231E628223B57B1001D403B /* Debug */ = {
			isa = XCBuildConfiguration;
			buildSettings = {
				ALWAYS_SEARCH_USER_PATHS = NO;
				CLANG_ANALYZER_NONNULL = YES;
				CLANG_ANALYZER_NUMBER_OBJECT_CONVERSION = YES_AGGRESSIVE;
				CLANG_CXX_LANGUAGE_STANDARD = "gnu++14";
				CLANG_CXX_LIBRARY = "libc++";
				CLANG_ENABLE_MODULES = YES;
				CLANG_ENABLE_OBJC_ARC = YES;
				CLANG_ENABLE_OBJC_WEAK = YES;
				CLANG_WARN_BLOCK_CAPTURE_AUTORELEASING = YES;
				CLANG_WARN_BOOL_CONVERSION = YES;
				CLANG_WARN_COMMA = YES;
				CLANG_WARN_CONSTANT_CONVERSION = YES;
				CLANG_WARN_DEPRECATED_OBJC_IMPLEMENTATIONS = YES;
				CLANG_WARN_DIRECT_OBJC_ISA_USAGE = YES_ERROR;
				CLANG_WARN_DOCUMENTATION_COMMENTS = YES;
				CLANG_WARN_EMPTY_BODY = YES;
				CLANG_WARN_ENUM_CONVERSION = YES;
				CLANG_WARN_INFINITE_RECURSION = YES;
				CLANG_WARN_INT_CONVERSION = YES;
				CLANG_WARN_NON_LITERAL_NULL_CONVERSION = YES;
				CLANG_WARN_OBJC_IMPLICIT_RETAIN_SELF = YES;
				CLANG_WARN_OBJC_LITERAL_CONVERSION = YES;
				CLANG_WARN_OBJC_ROOT_CLASS = YES_ERROR;
				CLANG_WARN_RANGE_LOOP_ANALYSIS = YES;
				CLANG_WARN_STRICT_PROTOTYPES = YES;
				CLANG_WARN_SUSPICIOUS_MOVE = YES;
				CLANG_WARN_UNGUARDED_AVAILABILITY = YES_AGGRESSIVE;
				CLANG_WARN_UNREACHABLE_CODE = YES;
				CLANG_WARN__DUPLICATE_METHOD_MATCH = YES;
				CODE_SIGN_IDENTITY = "iPhone Developer";
				COPY_PHASE_STRIP = NO;
				DEBUG_INFORMATION_FORMAT = dwarf;
				ENABLE_STRICT_OBJC_MSGSEND = YES;
				ENABLE_TESTABILITY = YES;
				GCC_C_LANGUAGE_STANDARD = gnu11;
				GCC_DYNAMIC_NO_PIC = NO;
				GCC_NO_COMMON_BLOCKS = YES;
				GCC_OPTIMIZATION_LEVEL = 0;
				GCC_PREPROCESSOR_DEFINITIONS = (
					"DEBUG=1",
					"$(inherited)",
				);
				GCC_WARN_64_TO_32_BIT_CONVERSION = YES;
				GCC_WARN_ABOUT_RETURN_TYPE = YES_ERROR;
				GCC_WARN_UNDECLARED_SELECTOR = YES;
				GCC_WARN_UNINITIALIZED_AUTOS = YES_AGGRESSIVE;
				GCC_WARN_UNUSED_FUNCTION = YES;
				GCC_WARN_UNUSED_VARIABLE = YES;
				IPHONEOS_DEPLOYMENT_TARGET = 12.1;
				MTL_ENABLE_DEBUG_INFO = INCLUDE_SOURCE;
				MTL_FAST_MATH = YES;
				ONLY_ACTIVE_ARCH = YES;
				SDKROOT = iphoneos;
			};
			name = Debug;
		};
		1231E629223B57B1001D403B /* Release */ = {
			isa = XCBuildConfiguration;
			buildSettings = {
				ALWAYS_SEARCH_USER_PATHS = NO;
				CLANG_ANALYZER_NONNULL = YES;
				CLANG_ANALYZER_NUMBER_OBJECT_CONVERSION = YES_AGGRESSIVE;
				CLANG_CXX_LANGUAGE_STANDARD = "gnu++14";
				CLANG_CXX_LIBRARY = "libc++";
				CLANG_ENABLE_MODULES = YES;
				CLANG_ENABLE_OBJC_ARC = YES;
				CLANG_ENABLE_OBJC_WEAK = YES;
				CLANG_WARN_BLOCK_CAPTURE_AUTORELEASING = YES;
				CLANG_WARN_BOOL_CONVERSION = YES;
				CLANG_WARN_COMMA = YES;
				CLANG_WARN_CONSTANT_CONVERSION = YES;
				CLANG_WARN_DEPRECATED_OBJC_IMPLEMENTATIONS = YES;
				CLANG_WARN_DIRECT_OBJC_ISA_USAGE = YES_ERROR;
				CLANG_WARN_DOCUMENTATION_COMMENTS = YES;
				CLANG_WARN_EMPTY_BODY = YES;
				CLANG_WARN_ENUM_CONVERSION = YES;
				CLANG_WARN_INFINITE_RECURSION = YES;
				CLANG_WARN_INT_CONVERSION = YES;
				CLANG_WARN_NON_LITERAL_NULL_CONVERSION = YES;
				CLANG_WARN_OBJC_IMPLICIT_RETAIN_SELF = YES;
				CLANG_WARN_OBJC_LITERAL_CONVERSION = YES;
				CLANG_WARN_OBJC_ROOT_CLASS = YES_ERROR;
				CLANG_WARN_RANGE_LOOP_ANALYSIS = YES;
				CLANG_WARN_STRICT_PROTOTYPES = YES;
				CLANG_WARN_SUSPICIOUS_MOVE = YES;
				CLANG_WARN_UNGUARDED_AVAILABILITY = YES_AGGRESSIVE;
				CLANG_WARN_UNREACHABLE_CODE = YES;
				CLANG_WARN__DUPLICATE_METHOD_MATCH = YES;
				CODE_SIGN_IDENTITY = "iPhone Developer";
				COPY_PHASE_STRIP = NO;
				DEBUG_INFORMATION_FORMAT = "dwarf-with-dsym";
				ENABLE_NS_ASSERTIONS = NO;
				ENABLE_STRICT_OBJC_MSGSEND = YES;
				GCC_C_LANGUAGE_STANDARD = gnu11;
				GCC_NO_COMMON_BLOCKS = YES;
				GCC_WARN_64_TO_32_BIT_CONVERSION = YES;
				GCC_WARN_ABOUT_RETURN_TYPE = YES_ERROR;
				GCC_WARN_UNDECLARED_SELECTOR = YES;
				GCC_WARN_UNINITIALIZED_AUTOS = YES_AGGRESSIVE;
				GCC_WARN_UNUSED_FUNCTION = YES;
				GCC_WARN_UNUSED_VARIABLE = YES;
				IPHONEOS_DEPLOYMENT_TARGET = 12.1;
				MTL_ENABLE_DEBUG_INFO = NO;
				MTL_FAST_MATH = YES;
				SDKROOT = iphoneos;
				VALIDATE_PRODUCT = YES;
			};
			name = Release;
		};
		1231E62B223B57B1001D403B /* Debug */ = {
			isa = XCBuildConfiguration;
			baseConfigurationReference = 15791724F1FB80D8F6028DD8 /* Pods-FlutterHybridDemo.debug.xcconfig */;
			buildSettings = {
				ASSETCATALOG_COMPILER_APPICON_NAME = AppIcon;
				CODE_SIGN_STYLE = Automatic;
				DEVELOPMENT_TEAM = KN3N6ZJA53;
				INFOPLIST_FILE = FlutterHybridDemo/Info.plist;
				LD_RUNPATH_SEARCH_PATHS = (
					"$(inherited)",
					"@executable_path/Frameworks",
				);
				PRODUCT_BUNDLE_IDENTIFIER = me.lattern.FlutterHybridDemo;
				PRODUCT_NAME = "$(TARGET_NAME)";
				TARGETED_DEVICE_FAMILY = "1,2";
			};
			name = Debug;
		};
		1231E62C223B57B1001D403B /* Release */ = {
			isa = XCBuildConfiguration;
			baseConfigurationReference = 0E27B6C4227FD8F1908411F5 /* Pods-FlutterHybridDemo.release.xcconfig */;
			buildSettings = {
				ASSETCATALOG_COMPILER_APPICON_NAME = AppIcon;
				CODE_SIGN_STYLE = Automatic;
				DEVELOPMENT_TEAM = KN3N6ZJA53;
				INFOPLIST_FILE = FlutterHybridDemo/Info.plist;
				LD_RUNPATH_SEARCH_PATHS = (
					"$(inherited)",
					"@executable_path/Frameworks",
				);
				PRODUCT_BUNDLE_IDENTIFIER = me.lattern.FlutterHybridDemo;
				PRODUCT_NAME = "$(TARGET_NAME)";
				TARGETED_DEVICE_FAMILY = "1,2";
			};
			name = Release;
		};
		1231E62E223B57B1001D403B /* Debug */ = {
			isa = XCBuildConfiguration;
			buildSettings = {
				BUNDLE_LOADER = "$(TEST_HOST)";
				CODE_SIGN_STYLE = Automatic;
				DEVELOPMENT_TEAM = KN3N6ZJA53;
				INFOPLIST_FILE = FlutterHybridDemoTests/Info.plist;
				LD_RUNPATH_SEARCH_PATHS = (
					"$(inherited)",
					"@executable_path/Frameworks",
					"@loader_path/Frameworks",
				);
				PRODUCT_BUNDLE_IDENTIFIER = me.lattern.FlutterHybridDemoTests;
				PRODUCT_NAME = "$(TARGET_NAME)";
				TARGETED_DEVICE_FAMILY = "1,2";
				TEST_HOST = "$(BUILT_PRODUCTS_DIR)/FlutterHybridDemo.app/FlutterHybridDemo";
			};
			name = Debug;
		};
		1231E62F223B57B1001D403B /* Release */ = {
			isa = XCBuildConfiguration;
			buildSettings = {
				BUNDLE_LOADER = "$(TEST_HOST)";
				CODE_SIGN_STYLE = Automatic;
				DEVELOPMENT_TEAM = KN3N6ZJA53;
				INFOPLIST_FILE = FlutterHybridDemoTests/Info.plist;
				LD_RUNPATH_SEARCH_PATHS = (
					"$(inherited)",
					"@executable_path/Frameworks",
					"@loader_path/Frameworks",
				);
				PRODUCT_BUNDLE_IDENTIFIER = me.lattern.FlutterHybridDemoTests;
				PRODUCT_NAME = "$(TARGET_NAME)";
				TARGETED_DEVICE_FAMILY = "1,2";
				TEST_HOST = "$(BUILT_PRODUCTS_DIR)/FlutterHybridDemo.app/FlutterHybridDemo";
			};
			name = Release;
		};
		1231E631223B57B1001D403B /* Debug */ = {
			isa = XCBuildConfiguration;
			buildSettings = {
				CODE_SIGN_STYLE = Automatic;
				DEVELOPMENT_TEAM = KN3N6ZJA53;
				INFOPLIST_FILE = FlutterHybridDemoUITests/Info.plist;
				LD_RUNPATH_SEARCH_PATHS = (
					"$(inherited)",
					"@executable_path/Frameworks",
					"@loader_path/Frameworks",
				);
				PRODUCT_BUNDLE_IDENTIFIER = me.lattern.FlutterHybridDemoUITests;
				PRODUCT_NAME = "$(TARGET_NAME)";
				TARGETED_DEVICE_FAMILY = "1,2";
				TEST_TARGET_NAME = FlutterHybridDemo;
			};
			name = Debug;
		};
		1231E632223B57B1001D403B /* Release */ = {
			isa = XCBuildConfiguration;
			buildSettings = {
				CODE_SIGN_STYLE = Automatic;
				DEVELOPMENT_TEAM = KN3N6ZJA53;
				INFOPLIST_FILE = FlutterHybridDemoUITests/Info.plist;
				LD_RUNPATH_SEARCH_PATHS = (
					"$(inherited)",
					"@executable_path/Frameworks",
					"@loader_path/Frameworks",
				);
				PRODUCT_BUNDLE_IDENTIFIER = me.lattern.FlutterHybridDemoUITests;
				PRODUCT_NAME = "$(TARGET_NAME)";
				TARGETED_DEVICE_FAMILY = "1,2";
				TEST_TARGET_NAME = FlutterHybridDemo;
			};
			name = Release;
		};
/* End XCBuildConfiguration section */

/* Begin XCConfigurationList section */
		1231E5F9223B57AF001D403B /* Build configuration list for PBXProject "FlutterHybridDemo" */ = {
			isa = XCConfigurationList;
			buildConfigurations = (
				1231E628223B57B1001D403B /* Debug */,
				1231E629223B57B1001D403B /* Release */,
			);
			defaultConfigurationIsVisible = 0;
			defaultConfigurationName = Release;
		};
		1231E62A223B57B1001D403B /* Build configuration list for PBXNativeTarget "FlutterHybridDemo" */ = {
			isa = XCConfigurationList;
			buildConfigurations = (
				1231E62B223B57B1001D403B /* Debug */,
				1231E62C223B57B1001D403B /* Release */,
			);
			defaultConfigurationIsVisible = 0;
			defaultConfigurationName = Release;
		};
		1231E62D223B57B1001D403B /* Build configuration list for PBXNativeTarget "FlutterHybridDemoTests" */ = {
			isa = XCConfigurationList;
			buildConfigurations = (
				1231E62E223B57B1001D403B /* Debug */,
				1231E62F223B57B1001D403B /* Release */,
			);
			defaultConfigurationIsVisible = 0;
			defaultConfigurationName = Release;
		};
		1231E630223B57B1001D403B /* Build configuration list for PBXNativeTarget "FlutterHybridDemoUITests" */ = {
			isa = XCConfigurationList;
			buildConfigurations = (
				1231E631223B57B1001D403B /* Debug */,
				1231E632223B57B1001D403B /* Release */,
			);
			defaultConfigurationIsVisible = 0;
			defaultConfigurationName = Release;
		};
/* End XCConfigurationList section */
	};
	rootObject = 1231E5F6223B57AF001D403B /* Project object */;
}
