// !$*UTF8*$!
{
	archiveVersion = 1;
	classes = {
	};
	objectVersion = 50;
	objects = {

/* Begin PBXBuildFile section */
		1231E603223B57AF001D403B /* AppDelegate.m in Sources */ = {isa = PBXBuildFile; fileRef = 1231E602223B57AF001D403B /* AppDelegate.m */; };
		1231E606223B57B0001D403B /* ViewController.m in Sources */ = {isa = PBXBuildFile; fileRef = 1231E605223B57B0001D403B /* ViewController.m */; };
		1231E609223B57B0001D403B /* Main.storyboard in Resources */ = {isa = PBXBuildFile; fileRef = 1231E607223B57B0001D403B /* Main.storyboard */; };
		1231E60B223B57B0001D403B /* Assets.xcassets in Resources */ = {isa = PBXBuildFile; fileRef = 1231E60A223B57B0001D403B /* Assets.xcassets */; };
		1231E60E223B57B0001D403B /* LaunchScreen.storyboard in Resources */ = {isa = PBXBuildFile; fileRef = 1231E60C223B57B0001D403B /* LaunchScreen.storyboard */; };
		1231E611223B57B1001D403B /* main.m in Sources */ = {isa = PBXBuildFile; fileRef = 1231E610223B57B1001D403B /* main.m */; };
		1231E61B223B57B1001D403B /* FlutterHybridDemoTests.m in Sources */ = {isa = PBXBuildFile; fileRef = 1231E61A223B57B1001D403B /* FlutterHybridDemoTests.m */; };
		1231E626223B57B1001D403B /* FlutterHybridDemoUITests.m in Sources */ = {isa = PBXBuildFile; fileRef = 1231E625223B57B1001D403B /* FlutterHybridDemoUITests.m */; };
		1231E6BA223B6C52001D403B /* AppearanceUtils.m in Sources */ = {isa = PBXBuildFile; fileRef = 1231E690223B6C51001D403B /* AppearanceUtils.m */; };
		1231E6BB223B6C52001D403B /* CYTabVC.m in Sources */ = {isa = PBXBuildFile; fileRef = 1231E692223B6C51001D403B /* CYTabVC.m */; };
		126B1847224F2B4000E7D732 /* SettingsVC.swift in Sources */ = {isa = PBXBuildFile; fileRef = 126B1846224F2B4000E7D732 /* SettingsVC.swift */; };
		126B1849224F2B5300E7D732 /* NewsVC.swift in Sources */ = {isa = PBXBuildFile; fileRef = 126B1848224F2B5300E7D732 /* NewsVC.swift */; };
		3C8B8304625D6A45A8FDD67F /* libPods-FlutterHybridDemo.a in Frameworks */ = {isa = PBXBuildFile; fileRef = A18ED08B1F55785692FC6F13 /* libPods-FlutterHybridDemo.a */; };
		8288002F1DC5C8ADACD972CA /* HBSpecUpdatePage.swift in Sources */ = {isa = PBXBuildFile; fileRef = 828800AC826C81AAB8897F56 /* HBSpecUpdatePage.swift */; };
		8288002F71353FDBD22DCD45 /* HBClientSpecPop.swift in Sources */ = {isa = PBXBuildFile; fileRef = 828807F40F71A9B98DA2FD08 /* HBClientSpecPop.swift */; };
		828800A900BCF89ED158D994 /* HBSubscribeEvent.swift in Sources */ = {isa = PBXBuildFile; fileRef = 82880630141185A4EE8450A6 /* HBSubscribeEvent.swift */; };
		8288015A9FF9F07C1A421044 /* HBClosePage.swift in Sources */ = {isa = PBXBuildFile; fileRef = 828800E140D1640B5257903F /* HBClosePage.swift */; };
		828801CF22C3D400BA0E6080 /* HBSpecOpenPage.swift in Sources */ = {isa = PBXBuildFile; fileRef = 828802EEA64933392C361C26 /* HBSpecOpenPage.swift */; };
		828801D2E46C83CAB7C1AE4F /* HBSpecNativeHttp.swift in Sources */ = {isa = PBXBuildFile; fileRef = 828806151029422C0017407F /* HBSpecNativeHttp.swift */; };
		828801DC7C1DE9418113DA58 /* HBClientSpec.swift in Sources */ = {isa = PBXBuildFile; fileRef = 82880473DD281142DFBCB143 /* HBClientSpec.swift */; };
		828802357A7516D9651166F8 /* HBOpenPage.swift in Sources */ = {isa = PBXBuildFile; fileRef = 82880E4C29686FBF72ABF04C /* HBOpenPage.swift */; };
		8288023E67AC1C1214D7F12A /* HBPageOps.swift in Sources */ = {isa = PBXBuildFile; fileRef = 8288094CCC447E51DC56A0D2 /* HBPageOps.swift */; };
		8288028C09C5BDAA2769FCEF /* HBSpecClosePage.swift in Sources */ = {isa = PBXBuildFile; fileRef = 8288040B39FCFAD59DD35D6E /* HBSpecClosePage.swift */; };
		828804A8699A808E429CE918 /* HBSpecEmitEvent.swift in Sources */ = {isa = PBXBuildFile; fileRef = 82880302C8C90F3B6A630040 /* HBSpecEmitEvent.swift */; };
		82880569224B6AB21A2076A9 /* HBClientSpecCallback.swift in Sources */ = {isa = PBXBuildFile; fileRef = 82880119B2779ADB760C49B0 /* HBClientSpecCallback.swift */; };
		82880578958B703B7219D04C /* HBSpecTypes.swift in Sources */ = {isa = PBXBuildFile; fileRef = 8288090E07B4AC550F8C8DEA /* HBSpecTypes.swift */; };
		82880681150DB52FFCA4953E /* HBActionItemProtocol.swift in Sources */ = {isa = PBXBuildFile; fileRef = 82880CFB845585DEF4B25828 /* HBActionItemProtocol.swift */; };
		828806DB414BA071A07D8D12 /* HBUpdatePage.swift in Sources */ = {isa = PBXBuildFile; fileRef = 828808726A445AD366B0FA67 /* HBUpdatePage.swift */; };
		828807198A3BC0A3A563FEED /* HBPageProvider.swift in Sources */ = {isa = PBXBuildFile; fileRef = 82880BBEBAE97210FD388799 /* HBPageProvider.swift */; };
		8288079384F33397DB52FF3A /* HBShowAlert.swift in Sources */ = {isa = PBXBuildFile; fileRef = 828807141100398F79CE9BAD /* HBShowAlert.swift */; };
		8288082A1A936BCD7C800E5A /* HBAction.swift in Sources */ = {isa = PBXBuildFile; fileRef = 828805AA0416371CA70DA41D /* HBAction.swift */; };
		828808E14C7165D53935366F /* HBBarButtonItem.swift in Sources */ = {isa = PBXBuildFile; fileRef = 828805AC788B1CF77953933F /* HBBarButtonItem.swift */; };
		828808F4AF9602FC36839547 /* HBClient.swift in Sources */ = {isa = PBXBuildFile; fileRef = 82880FA514329F52D0C58F93 /* HBClient.swift */; };
		8288090D47FEFFC962F8B1AC /* HBGetInitArgs.swift in Sources */ = {isa = PBXBuildFile; fileRef = 8288043AC84929676EFE9E6D /* HBGetInitArgs.swift */; };
		82880963927D7574E69F6C8D /* HBActionCenter.swift in Sources */ = {isa = PBXBuildFile; fileRef = 8288058A99AD8CA76F90F0AF /* HBActionCenter.swift */; };
		828809B5066B450943BEF87C /* HBSpecGetInitArgs.swift in Sources */ = {isa = PBXBuildFile; fileRef = 82880A40CAB77CBD6BCD4D7E /* HBSpecGetInitArgs.swift */; };
		82880AB3D6CB00F4B529E994 /* HBSpecAlert.swift in Sources */ = {isa = PBXBuildFile; fileRef = 82880D92DB04C8F88252358F /* HBSpecAlert.swift */; };
		82880B293853AB197C327051 /* HBSpecBarButton.swift in Sources */ = {isa = PBXBuildFile; fileRef = 828807C634C95530DD24CEF1 /* HBSpecBarButton.swift */; };
		82880B5C074D6F740E9F8EB6 /* HBContext.swift in Sources */ = {isa = PBXBuildFile; fileRef = 828803B8DB01184C4FB30C77 /* HBContext.swift */; };
		82880BE0A0B5064AA0F2CB57 /* HBFlutterVC.swift in Sources */ = {isa = PBXBuildFile; fileRef = 828809263B0F4B22B1661E27 /* HBFlutterVC.swift */; };
		82880BF2B878F7DC16A202FB /* HBSpecSubscribeEvent.swift in Sources */ = {isa = PBXBuildFile; fileRef = 828800381199476C35F5AF35 /* HBSpecSubscribeEvent.swift */; };
		82880CE829EDA40122BBC516 /* HBFlutter.swift in Sources */ = {isa = PBXBuildFile; fileRef = 82880C65414C3796087DAE4B /* HBFlutter.swift */; };
		82880D87DC92A8E1B8796304 /* HBEmitEvent.swift in Sources */ = {isa = PBXBuildFile; fileRef = 828805569727D1ADA77275D7 /* HBEmitEvent.swift */; };
		82880E94CBF3ACDEC22B59C0 /* HBResult.swift in Sources */ = {isa = PBXBuildFile; fileRef = 828803BD50AFD24C3F7E0C0F /* HBResult.swift */; };
		82880EE90845A13964966B00 /* HBEventCenter.swift in Sources */ = {isa = PBXBuildFile; fileRef = 828808B2AF7E1F46298B889E /* HBEventCenter.swift */; };
		82880F9CA557DD680AAB678D /* HBSpecPageParameter.swift in Sources */ = {isa = PBXBuildFile; fileRef = 828807FF28CA457DA56CD840 /* HBSpecPageParameter.swift */; };
		82880F9E4B1135CB4B869050 /* HBNativeHttp.swift in Sources */ = {isa = PBXBuildFile; fileRef = 82880FEDE7C5DE77CCDFC50B /* HBNativeHttp.swift */; };
		82880FBB6E609883459DC6CA /* HBSpec.swift in Sources */ = {isa = PBXBuildFile; fileRef = 8288015E29C5E14B74D7D467 /* HBSpec.swift */; };
		82880FCA5DF6BC0BA4EBC5CC /* HBFlutterClient.swift in Sources */ = {isa = PBXBuildFile; fileRef = 8288041725ED8731D3F1DF1A /* HBFlutterClient.swift */; };
/* End PBXBuildFile section */

/* Begin PBXContainerItemProxy section */
		1231E617223B57B1001D403B /* PBXContainerItemProxy */ = {
			isa = PBXContainerItemProxy;
			containerPortal = 1231E5F6223B57AF001D403B /* Project object */;
			proxyType = 1;
			remoteGlobalIDString = 1231E5FD223B57AF001D403B;
			remoteInfo = FlutterHybridDemo;
		};
		1231E622223B57B1001D403B /* PBXContainerItemProxy */ = {
			isa = PBXContainerItemProxy;
			containerPortal = 1231E5F6223B57AF001D403B /* Project object */;
			proxyType = 1;
			remoteGlobalIDString = 1231E5FD223B57AF001D403B;
			remoteInfo = FlutterHybridDemo;
		};
/* End PBXContainerItemProxy section */

/* Begin PBXFileReference section */
		0E27B6C4227FD8F1908411F5 /* Pods-FlutterHybridDemo.release.xcconfig */ = {isa = PBXFileReference; includeInIndex = 1; lastKnownFileType = text.xcconfig; name = "Pods-FlutterHybridDemo.release.xcconfig"; path = "Pods/Target Support Files/Pods-FlutterHybridDemo/Pods-FlutterHybridDemo.release.xcconfig"; sourceTree = "<group>"; };
		1231E5FE223B57AF001D403B /* FlutterHybridDemo.app */ = {isa = PBXFileReference; explicitFileType = wrapper.application; includeInIndex = 0; path = FlutterHybridDemo.app; sourceTree = BUILT_PRODUCTS_DIR; };
		1231E601223B57AF001D403B /* AppDelegate.h */ = {isa = PBXFileReference; lastKnownFileType = sourcecode.c.h; path = AppDelegate.h; sourceTree = "<group>"; };
		1231E602223B57AF001D403B /* AppDelegate.m */ = {isa = PBXFileReference; lastKnownFileType = sourcecode.c.objc; path = AppDelegate.m; sourceTree = "<group>"; };
		1231E604223B57B0001D403B /* ViewController.h */ = {isa = PBXFileReference; lastKnownFileType = sourcecode.c.h; path = ViewController.h; sourceTree = "<group>"; };
		1231E605223B57B0001D403B /* ViewController.m */ = {isa = PBXFileReference; lastKnownFileType = sourcecode.c.objc; path = ViewController.m; sourceTree = "<group>"; };
		1231E608223B57B0001D403B /* Base */ = {isa = PBXFileReference; lastKnownFileType = file.storyboard; name = Base; path = Base.lproj/Main.storyboard; sourceTree = "<group>"; };
		1231E60A223B57B0001D403B /* Assets.xcassets */ = {isa = PBXFileReference; lastKnownFileType = folder.assetcatalog; path = Assets.xcassets; sourceTree = "<group>"; };
		1231E60D223B57B0001D403B /* Base */ = {isa = PBXFileReference; lastKnownFileType = file.storyboard; name = Base; path = Base.lproj/LaunchScreen.storyboard; sourceTree = "<group>"; };
		1231E60F223B57B1001D403B /* Info.plist */ = {isa = PBXFileReference; lastKnownFileType = text.plist.xml; path = Info.plist; sourceTree = "<group>"; };
		1231E610223B57B1001D403B /* main.m */ = {isa = PBXFileReference; lastKnownFileType = sourcecode.c.objc; path = main.m; sourceTree = "<group>"; };
		1231E616223B57B1001D403B /* FlutterHybridDemoTests.xctest */ = {isa = PBXFileReference; explicitFileType = wrapper.cfbundle; includeInIndex = 0; path = FlutterHybridDemoTests.xctest; sourceTree = BUILT_PRODUCTS_DIR; };
		1231E61A223B57B1001D403B /* FlutterHybridDemoTests.m */ = {isa = PBXFileReference; lastKnownFileType = sourcecode.c.objc; path = FlutterHybridDemoTests.m; sourceTree = "<group>"; };
		1231E61C223B57B1001D403B /* Info.plist */ = {isa = PBXFileReference; lastKnownFileType = text.plist.xml; path = Info.plist; sourceTree = "<group>"; };
		1231E621223B57B1001D403B /* FlutterHybridDemoUITests.xctest */ = {isa = PBXFileReference; explicitFileType = wrapper.cfbundle; includeInIndex = 0; path = FlutterHybridDemoUITests.xctest; sourceTree = BUILT_PRODUCTS_DIR; };
		1231E625223B57B1001D403B /* FlutterHybridDemoUITests.m */ = {isa = PBXFileReference; lastKnownFileType = sourcecode.c.objc; path = FlutterHybridDemoUITests.m; sourceTree = "<group>"; };
		1231E627223B57B1001D403B /* Info.plist */ = {isa = PBXFileReference; lastKnownFileType = text.plist.xml; path = Info.plist; sourceTree = "<group>"; };
		1231E68F223B6C51001D403B /* AppearanceUtils.h */ = {isa = PBXFileReference; fileEncoding = 4; lastKnownFileType = sourcecode.c.h; path = AppearanceUtils.h; sourceTree = "<group>"; };
		1231E690223B6C51001D403B /* AppearanceUtils.m */ = {isa = PBXFileReference; fileEncoding = 4; lastKnownFileType = sourcecode.c.objc; path = AppearanceUtils.m; sourceTree = "<group>"; };
		1231E692223B6C51001D403B /* CYTabVC.m */ = {isa = PBXFileReference; fileEncoding = 4; lastKnownFileType = sourcecode.c.objc; path = CYTabVC.m; sourceTree = "<group>"; };
		1231E693223B6C51001D403B /* CYTabVC.h */ = {isa = PBXFileReference; fileEncoding = 4; lastKnownFileType = sourcecode.c.h; path = CYTabVC.h; sourceTree = "<group>"; };
		126B1846224F2B4000E7D732 /* SettingsVC.swift */ = {isa = PBXFileReference; lastKnownFileType = sourcecode.swift; path = SettingsVC.swift; sourceTree = "<group>"; };
		126B1848224F2B5300E7D732 /* NewsVC.swift */ = {isa = PBXFileReference; lastKnownFileType = sourcecode.swift; path = NewsVC.swift; sourceTree = "<group>"; };
		15791724F1FB80D8F6028DD8 /* Pods-FlutterHybridDemo.debug.xcconfig */ = {isa = PBXFileReference; includeInIndex = 1; lastKnownFileType = text.xcconfig; name = "Pods-FlutterHybridDemo.debug.xcconfig"; path = "Pods/Target Support Files/Pods-FlutterHybridDemo/Pods-FlutterHybridDemo.debug.xcconfig"; sourceTree = "<group>"; };
		828800381199476C35F5AF35 /* HBSpecSubscribeEvent.swift */ = {isa = PBXFileReference; fileEncoding = 4; lastKnownFileType = sourcecode.swift; path = HBSpecSubscribeEvent.swift; sourceTree = "<group>"; };
		828800AC826C81AAB8897F56 /* HBSpecUpdatePage.swift */ = {isa = PBXFileReference; fileEncoding = 4; lastKnownFileType = sourcecode.swift; path = HBSpecUpdatePage.swift; sourceTree = "<group>"; };
		828800E140D1640B5257903F /* HBClosePage.swift */ = {isa = PBXFileReference; fileEncoding = 4; lastKnownFileType = sourcecode.swift; path = HBClosePage.swift; sourceTree = "<group>"; };
		828800F644314FAC91F67991 /* Swift-Bridge.h */ = {isa = PBXFileReference; fileEncoding = 4; lastKnownFileType = sourcecode.c.h; path = "Swift-Bridge.h"; sourceTree = "<group>"; };
		82880119B2779ADB760C49B0 /* HBClientSpecCallback.swift */ = {isa = PBXFileReference; fileEncoding = 4; lastKnownFileType = sourcecode.swift; path = HBClientSpecCallback.swift; sourceTree = "<group>"; };
		8288015E29C5E14B74D7D467 /* HBSpec.swift */ = {isa = PBXFileReference; fileEncoding = 4; lastKnownFileType = sourcecode.swift; path = HBSpec.swift; sourceTree = "<group>"; };
		828802EEA64933392C361C26 /* HBSpecOpenPage.swift */ = {isa = PBXFileReference; fileEncoding = 4; lastKnownFileType = sourcecode.swift; path = HBSpecOpenPage.swift; sourceTree = "<group>"; };
		82880302C8C90F3B6A630040 /* HBSpecEmitEvent.swift */ = {isa = PBXFileReference; fileEncoding = 4; lastKnownFileType = sourcecode.swift; path = HBSpecEmitEvent.swift; sourceTree = "<group>"; };
		828803B8DB01184C4FB30C77 /* HBContext.swift */ = {isa = PBXFileReference; fileEncoding = 4; lastKnownFileType = sourcecode.swift; path = HBContext.swift; sourceTree = "<group>"; };
		828803BD50AFD24C3F7E0C0F /* HBResult.swift */ = {isa = PBXFileReference; fileEncoding = 4; lastKnownFileType = sourcecode.swift; path = HBResult.swift; sourceTree = "<group>"; };
		8288040B39FCFAD59DD35D6E /* HBSpecClosePage.swift */ = {isa = PBXFileReference; fileEncoding = 4; lastKnownFileType = sourcecode.swift; path = HBSpecClosePage.swift; sourceTree = "<group>"; };
		8288041725ED8731D3F1DF1A /* HBFlutterClient.swift */ = {isa = PBXFileReference; fileEncoding = 4; lastKnownFileType = sourcecode.swift; path = HBFlutterClient.swift; sourceTree = "<group>"; };
		8288043AC84929676EFE9E6D /* HBGetInitArgs.swift */ = {isa = PBXFileReference; fileEncoding = 4; lastKnownFileType = sourcecode.swift; path = HBGetInitArgs.swift; sourceTree = "<group>"; };
		82880473DD281142DFBCB143 /* HBClientSpec.swift */ = {isa = PBXFileReference; fileEncoding = 4; lastKnownFileType = sourcecode.swift; path = HBClientSpec.swift; sourceTree = "<group>"; };
		828805569727D1ADA77275D7 /* HBEmitEvent.swift */ = {isa = PBXFileReference; fileEncoding = 4; lastKnownFileType = sourcecode.swift; path = HBEmitEvent.swift; sourceTree = "<group>"; };
		8288058A99AD8CA76F90F0AF /* HBActionCenter.swift */ = {isa = PBXFileReference; fileEncoding = 4; lastKnownFileType = sourcecode.swift; path = HBActionCenter.swift; sourceTree = "<group>"; };
		828805AA0416371CA70DA41D /* HBAction.swift */ = {isa = PBXFileReference; fileEncoding = 4; lastKnownFileType = sourcecode.swift; path = HBAction.swift; sourceTree = "<group>"; };
		828805AC788B1CF77953933F /* HBBarButtonItem.swift */ = {isa = PBXFileReference; fileEncoding = 4; lastKnownFileType = sourcecode.swift; path = HBBarButtonItem.swift; sourceTree = "<group>"; };
		828806151029422C0017407F /* HBSpecNativeHttp.swift */ = {isa = PBXFileReference; fileEncoding = 4; lastKnownFileType = sourcecode.swift; path = HBSpecNativeHttp.swift; sourceTree = "<group>"; };
		82880630141185A4EE8450A6 /* HBSubscribeEvent.swift */ = {isa = PBXFileReference; fileEncoding = 4; lastKnownFileType = sourcecode.swift; path = HBSubscribeEvent.swift; sourceTree = "<group>"; };
		828807141100398F79CE9BAD /* HBShowAlert.swift */ = {isa = PBXFileReference; fileEncoding = 4; lastKnownFileType = sourcecode.swift; path = HBShowAlert.swift; sourceTree = "<group>"; };
		828807C634C95530DD24CEF1 /* HBSpecBarButton.swift */ = {isa = PBXFileReference; fileEncoding = 4; lastKnownFileType = sourcecode.swift; path = HBSpecBarButton.swift; sourceTree = "<group>"; };
		828807F40F71A9B98DA2FD08 /* HBClientSpecPop.swift */ = {isa = PBXFileReference; fileEncoding = 4; lastKnownFileType = sourcecode.swift; path = HBClientSpecPop.swift; sourceTree = "<group>"; };
		828807FF28CA457DA56CD840 /* HBSpecPageParameter.swift */ = {isa = PBXFileReference; fileEncoding = 4; lastKnownFileType = sourcecode.swift; path = HBSpecPageParameter.swift; sourceTree = "<group>"; };
		828808726A445AD366B0FA67 /* HBUpdatePage.swift */ = {isa = PBXFileReference; fileEncoding = 4; lastKnownFileType = sourcecode.swift; path = HBUpdatePage.swift; sourceTree = "<group>"; };
		828808B2AF7E1F46298B889E /* HBEventCenter.swift */ = {isa = PBXFileReference; fileEncoding = 4; lastKnownFileType = sourcecode.swift; path = HBEventCenter.swift; sourceTree = "<group>"; };
		8288090E07B4AC550F8C8DEA /* HBSpecTypes.swift */ = {isa = PBXFileReference; fileEncoding = 4; lastKnownFileType = sourcecode.swift; path = HBSpecTypes.swift; sourceTree = "<group>"; };
		828809263B0F4B22B1661E27 /* HBFlutterVC.swift */ = {isa = PBXFileReference; fileEncoding = 4; lastKnownFileType = sourcecode.swift; path = HBFlutterVC.swift; sourceTree = "<group>"; };
		8288094CCC447E51DC56A0D2 /* HBPageOps.swift */ = {isa = PBXFileReference; fileEncoding = 4; lastKnownFileType = sourcecode.swift; path = HBPageOps.swift; sourceTree = "<group>"; };
		82880A40CAB77CBD6BCD4D7E /* HBSpecGetInitArgs.swift */ = {isa = PBXFileReference; fileEncoding = 4; lastKnownFileType = sourcecode.swift; path = HBSpecGetInitArgs.swift; sourceTree = "<group>"; };
		82880BBEBAE97210FD388799 /* HBPageProvider.swift */ = {isa = PBXFileReference; fileEncoding = 4; lastKnownFileType = sourcecode.swift; path = HBPageProvider.swift; sourceTree = "<group>"; };
		82880C65414C3796087DAE4B /* HBFlutter.swift */ = {isa = PBXFileReference; fileEncoding = 4; lastKnownFileType = sourcecode.swift; path = HBFlutter.swift; sourceTree = "<group>"; };
		82880C6FEC60A66DDCA6F559 /* Design.h */ = {isa = PBXFileReference; fileEncoding = 4; lastKnownFileType = sourcecode.c.h; path = Design.h; sourceTree = "<group>"; };
		82880CFB845585DEF4B25828 /* HBActionItemProtocol.swift */ = {isa = PBXFileReference; fileEncoding = 4; lastKnownFileType = sourcecode.swift; path = HBActionItemProtocol.swift; sourceTree = "<group>"; };
		82880D92DB04C8F88252358F /* HBSpecAlert.swift */ = {isa = PBXFileReference; fileEncoding = 4; lastKnownFileType = sourcecode.swift; path = HBSpecAlert.swift; sourceTree = "<group>"; };
		82880E4C29686FBF72ABF04C /* HBOpenPage.swift */ = {isa = PBXFileReference; fileEncoding = 4; lastKnownFileType = sourcecode.swift; path = HBOpenPage.swift; sourceTree = "<group>"; };
		82880FA514329F52D0C58F93 /* HBClient.swift */ = {isa = PBXFileReference; fileEncoding = 4; lastKnownFileType = sourcecode.swift; path = HBClient.swift; sourceTree = "<group>"; };
		82880FEDE7C5DE77CCDFC50B /* HBNativeHttp.swift */ = {isa = PBXFileReference; fileEncoding = 4; lastKnownFileType = sourcecode.swift; path = HBNativeHttp.swift; sourceTree = "<group>"; };
		A18ED08B1F55785692FC6F13 /* libPods-FlutterHybridDemo.a */ = {isa = PBXFileReference; explicitFileType = archive.ar; includeInIndex = 0; path = "libPods-FlutterHybridDemo.a"; sourceTree = BUILT_PRODUCTS_DIR; };
/* End PBXFileReference section */

/* Begin PBXFrameworksBuildPhase section */
		1231E5FB223B57AF001D403B /* Frameworks */ = {
			isa = PBXFrameworksBuildPhase;
			buildActionMask = 2147483647;
			files = (
				3C8B8304625D6A45A8FDD67F /* libPods-FlutterHybridDemo.a in Frameworks */,
			);
			runOnlyForDeploymentPostprocessing = 0;
		};
		1231E613223B57B1001D403B /* Frameworks */ = {
			isa = PBXFrameworksBuildPhase;
			buildActionMask = 2147483647;
			files = (
			);
			runOnlyForDeploymentPostprocessing = 0;
		};
		1231E61E223B57B1001D403B /* Frameworks */ = {
			isa = PBXFrameworksBuildPhase;
			buildActionMask = 2147483647;
			files = (
			);
			runOnlyForDeploymentPostprocessing = 0;
		};
/* End PBXFrameworksBuildPhase section */

/* Begin PBXGroup section */
		1231E5F5223B57AF001D403B = {
			isa = PBXGroup;
			children = (
				1231E67C223B6C51001D403B /* flutter_ios_utils */,
				1231E688223B6C51001D403B /* widgets_ios */,
				1231E600223B57AF001D403B /* FlutterHybridDemo */,
				1231E619223B57B1001D403B /* FlutterHybridDemoTests */,
				1231E624223B57B1001D403B /* FlutterHybridDemoUITests */,
				1231E5FF223B57AF001D403B /* Products */,
				8DC7D49A793C8B05F4DAF87B /* Pods */,
				7327C3E06B624D53D90E6A15 /* Frameworks */,
			);
			sourceTree = "<group>";
		};
		1231E5FF223B57AF001D403B /* Products */ = {
			isa = PBXGroup;
			children = (
				1231E5FE223B57AF001D403B /* FlutterHybridDemo.app */,
				1231E616223B57B1001D403B /* FlutterHybridDemoTests.xctest */,
				1231E621223B57B1001D403B /* FlutterHybridDemoUITests.xctest */,
			);
			name = Products;
			sourceTree = "<group>";
		};
		1231E600223B57AF001D403B /* FlutterHybridDemo */ = {
			isa = PBXGroup;
			children = (
				1231E601223B57AF001D403B /* AppDelegate.h */,
				1231E602223B57AF001D403B /* AppDelegate.m */,
				1231E604223B57B0001D403B /* ViewController.h */,
				1231E605223B57B0001D403B /* ViewController.m */,
				1231E607223B57B0001D403B /* Main.storyboard */,
				1231E60A223B57B0001D403B /* Assets.xcassets */,
				1231E60C223B57B0001D403B /* LaunchScreen.storyboard */,
				1231E60F223B57B1001D403B /* Info.plist */,
				1231E610223B57B1001D403B /* main.m */,
				126B1846224F2B4000E7D732 /* SettingsVC.swift */,
				126B1848224F2B5300E7D732 /* NewsVC.swift */,
			);
			path = FlutterHybridDemo;
			sourceTree = "<group>";
		};
		1231E619223B57B1001D403B /* FlutterHybridDemoTests */ = {
			isa = PBXGroup;
			children = (
				1231E61A223B57B1001D403B /* FlutterHybridDemoTests.m */,
				1231E61C223B57B1001D403B /* Info.plist */,
			);
			path = FlutterHybridDemoTests;
			sourceTree = "<group>";
		};
		1231E624223B57B1001D403B /* FlutterHybridDemoUITests */ = {
			isa = PBXGroup;
			children = (
				1231E625223B57B1001D403B /* FlutterHybridDemoUITests.m */,
				1231E627223B57B1001D403B /* Info.plist */,
			);
			path = FlutterHybridDemoUITests;
			sourceTree = "<group>";
		};
		1231E67C223B6C51001D403B /* flutter_ios_utils */ = {
			isa = PBXGroup;
			children = (
				1231E67E223B6C51001D403B /* Classes */,
			);
			path = flutter_ios_utils;
			sourceTree = "<group>";
		};
		1231E67E223B6C51001D403B /* Classes */ = {
			isa = PBXGroup;
			children = (
				82880C6FEC60A66DDCA6F559 /* Design.h */,
				82880728D93838893C45A3C6 /* hybrid */,
			);
			path = Classes;
			sourceTree = "<group>";
		};
		1231E688223B6C51001D403B /* widgets_ios */ = {
			isa = PBXGroup;
			children = (
				1231E68D223B6C51001D403B /* Classes */,
			);
			path = widgets_ios;
			sourceTree = "<group>";
		};
		1231E68D223B6C51001D403B /* Classes */ = {
			isa = PBXGroup;
			children = (
				1231E68E223B6C51001D403B /* Appearance */,
				1231E691223B6C51001D403B /* Tab */,
			);
			path = Classes;
			sourceTree = "<group>";
		};
		1231E68E223B6C51001D403B /* Appearance */ = {
			isa = PBXGroup;
			children = (
				1231E68F223B6C51001D403B /* AppearanceUtils.h */,
				1231E690223B6C51001D403B /* AppearanceUtils.m */,
			);
			path = Appearance;
			sourceTree = "<group>";
		};
		1231E691223B6C51001D403B /* Tab */ = {
			isa = PBXGroup;
			children = (
				1231E692223B6C51001D403B /* CYTabVC.m */,
				1231E693223B6C51001D403B /* CYTabVC.h */,
			);
			path = Tab;
			sourceTree = "<group>";
		};
		7327C3E06B624D53D90E6A15 /* Frameworks */ = {
			isa = PBXGroup;
			children = (
				A18ED08B1F55785692FC6F13 /* libPods-FlutterHybridDemo.a */,
			);
			name = Frameworks;
			sourceTree = "<group>";
		};
		8288002A79EB191FE3E74AB2 /* h5 */ = {
			isa = PBXGroup;
			children = (
			);
			path = h5;
			sourceTree = "<group>";
		};
		828800FD633A751D737369CD /* actions */ = {
			isa = PBXGroup;
			children = (
				828807141100398F79CE9BAD /* HBShowAlert.swift */,
				828800E140D1640B5257903F /* HBClosePage.swift */,
				828805AA0416371CA70DA41D /* HBAction.swift */,
				82880FEDE7C5DE77CCDFC50B /* HBNativeHttp.swift */,
				82880630141185A4EE8450A6 /* HBSubscribeEvent.swift */,
				828805569727D1ADA77275D7 /* HBEmitEvent.swift */,
				8288094CCC447E51DC56A0D2 /* HBPageOps.swift */,
				82880E4C29686FBF72ABF04C /* HBOpenPage.swift */,
				828808726A445AD366B0FA67 /* HBUpdatePage.swift */,
				8288043AC84929676EFE9E6D /* HBGetInitArgs.swift */,
			);
			path = actions;
			sourceTree = "<group>";
		};
		828804FEC552C12FB93C6032 /* client */ = {
			isa = PBXGroup;
			children = (
				82880119B2779ADB760C49B0 /* HBClientSpecCallback.swift */,
				828807F40F71A9B98DA2FD08 /* HBClientSpecPop.swift */,
				82880473DD281142DFBCB143 /* HBClientSpec.swift */,
			);
			path = client;
			sourceTree = "<group>";
		};
		82880728D93838893C45A3C6 /* hybrid */ = {
			isa = PBXGroup;
			children = (
				82880DF5ECB089EE34BB1CFE /* native */,
				82880AA1E7052C52FD1F25C6 /* flutter */,
				8288002A79EB191FE3E74AB2 /* h5 */,
				828800F644314FAC91F67991 /* Swift-Bridge.h */,
			);
			path = hybrid;
			sourceTree = "<group>";
		};
		82880AA1E7052C52FD1F25C6 /* flutter */ = {
			isa = PBXGroup;
			children = (
				8288041725ED8731D3F1DF1A /* HBFlutterClient.swift */,
				828809263B0F4B22B1661E27 /* HBFlutterVC.swift */,
				82880C65414C3796087DAE4B /* HBFlutter.swift */,
			);
			path = flutter;
			sourceTree = "<group>";
		};
		82880C28F79319C1763791FD /* ui */ = {
			isa = PBXGroup;
			children = (
				828805AC788B1CF77953933F /* HBBarButtonItem.swift */,
				82880CFB845585DEF4B25828 /* HBActionItemProtocol.swift */,
			);
			path = ui;
			sourceTree = "<group>";
		};
		82880DF5ECB089EE34BB1CFE /* native */ = {
			isa = PBXGroup;
			children = (
				82880E72EC79096A92FA53C3 /* specs */,
				828800FD633A751D737369CD /* actions */,
				8288058A99AD8CA76F90F0AF /* HBActionCenter.swift */,
				828808B2AF7E1F46298B889E /* HBEventCenter.swift */,
				82880FA514329F52D0C58F93 /* HBClient.swift */,
				828803B8DB01184C4FB30C77 /* HBContext.swift */,
				82880BBEBAE97210FD388799 /* HBPageProvider.swift */,
				82880C28F79319C1763791FD /* ui */,
			);
			path = native;
			sourceTree = "<group>";
		};
		82880E72EC79096A92FA53C3 /* specs */ = {
			isa = PBXGroup;
			children = (
				8288040B39FCFAD59DD35D6E /* HBSpecClosePage.swift */,
				8288015E29C5E14B74D7D467 /* HBSpec.swift */,
				828803BD50AFD24C3F7E0C0F /* HBResult.swift */,
				82880D92DB04C8F88252358F /* HBSpecAlert.swift */,
				828806151029422C0017407F /* HBSpecNativeHttp.swift */,
				828800381199476C35F5AF35 /* HBSpecSubscribeEvent.swift */,
				82880302C8C90F3B6A630040 /* HBSpecEmitEvent.swift */,
				828807FF28CA457DA56CD840 /* HBSpecPageParameter.swift */,
				828802EEA64933392C361C26 /* HBSpecOpenPage.swift */,
				828800AC826C81AAB8897F56 /* HBSpecUpdatePage.swift */,
				828807C634C95530DD24CEF1 /* HBSpecBarButton.swift */,
				82880A40CAB77CBD6BCD4D7E /* HBSpecGetInitArgs.swift */,
				828804FEC552C12FB93C6032 /* client */,
				8288090E07B4AC550F8C8DEA /* HBSpecTypes.swift */,
			);
			path = specs;
			sourceTree = "<group>";
		};
		8DC7D49A793C8B05F4DAF87B /* Pods */ = {
			isa = PBXGroup;
			children = (
				15791724F1FB80D8F6028DD8 /* Pods-FlutterHybridDemo.debug.xcconfig */,
				0E27B6C4227FD8F1908411F5 /* Pods-FlutterHybridDemo.release.xcconfig */,
			);
			name = Pods;
			sourceTree = "<group>";
		};
/* End PBXGroup section */

/* Begin PBXNativeTarget section */
		1231E5FD223B57AF001D403B /* FlutterHybridDemo */ = {
			isa = PBXNativeTarget;
			buildConfigurationList = 1231E62A223B57B1001D403B /* Build configuration list for PBXNativeTarget "FlutterHybridDemo" */;
			buildPhases = (
				815B354F2303AD09C7E09F5D /* [CP] Check Pods Manifest.lock */,
				1231E633223B5C3B001D403B /* flutter */,
				1231E5FA223B57AF001D403B /* Sources */,
				1231E5FB223B57AF001D403B /* Frameworks */,
				1231E5FC223B57AF001D403B /* Resources */,
				7BD599E799A41F3EAE8EE1CD /* [CP] Copy Pods Resources */,
				4667952122ACDA20DF24AECE /* [CP] Embed Pods Frameworks */,
			);
			buildRules = (
			);
			dependencies = (
			);
			name = FlutterHybridDemo;
			productName = FlutterHybridDemo;
			productReference = 1231E5FE223B57AF001D403B /* FlutterHybridDemo.app */;
			productType = "com.apple.product-type.application";
		};
		1231E615223B57B1001D403B /* FlutterHybridDemoTests */ = {
			isa = PBXNativeTarget;
			buildConfigurationList = 1231E62D223B57B1001D403B /* Build configuration list for PBXNativeTarget "FlutterHybridDemoTests" */;
			buildPhases = (
				1231E612223B57B1001D403B /* Sources */,
				1231E613223B57B1001D403B /* Frameworks */,
				1231E614223B57B1001D403B /* Resources */,
			);
			buildRules = (
			);
			dependencies = (
				1231E618223B57B1001D403B /* PBXTargetDependency */,
			);
			name = FlutterHybridDemoTests;
			productName = FlutterHybridDemoTests;
			productReference = 1231E616223B57B1001D403B /* FlutterHybridDemoTests.xctest */;
			productType = "com.apple.product-type.bundle.unit-test";
		};
		1231E620223B57B1001D403B /* FlutterHybridDemoUITests */ = {
			isa = PBXNativeTarget;
			buildConfigurationList = 1231E630223B57B1001D403B /* Build configuration list for PBXNativeTarget "FlutterHybridDemoUITests" */;
			buildPhases = (
				1231E61D223B57B1001D403B /* Sources */,
				1231E61E223B57B1001D403B /* Frameworks */,
				1231E61F223B57B1001D403B /* Resources */,
			);
			buildRules = (
			);
			dependencies = (
				1231E623223B57B1001D403B /* PBXTargetDependency */,
			);
			name = FlutterHybridDemoUITests;
			productName = FlutterHybridDemoUITests;
			productReference = 1231E621223B57B1001D403B /* FlutterHybridDemoUITests.xctest */;
			productType = "com.apple.product-type.bundle.ui-testing";
		};
/* End PBXNativeTarget section */

/* Begin PBXProject section */
		1231E5F6223B57AF001D403B /* Project object */ = {
			isa = PBXProject;
			attributes = {
				LastUpgradeCheck = 1010;
				ORGANIZATIONNAME = Lattern;
				TargetAttributes = {
					1231E5FD223B57AF001D403B = {
						CreatedOnToolsVersion = 10.1;
					};
					1231E615223B57B1001D403B = {
						CreatedOnToolsVersion = 10.1;
						TestTargetID = 1231E5FD223B57AF001D403B;
					};
					1231E620223B57B1001D403B = {
						CreatedOnToolsVersion = 10.1;
						TestTargetID = 1231E5FD223B57AF001D403B;
					};
				};
			};
			buildConfigurationList = 1231E5F9223B57AF001D403B /* Build configuration list for PBXProject "FlutterHybridDemo" */;
			compatibilityVersion = "Xcode 9.3";
			developmentRegion = en;
			hasScannedForEncodings = 0;
			knownRegions = (
				en,
				Base,
			);
			mainGroup = 1231E5F5223B57AF001D403B;
			productRefGroup = 1231E5FF223B57AF001D403B /* Products */;
			projectDirPath = "";
			projectRoot = "";
			targets = (
				1231E5FD223B57AF001D403B /* FlutterHybridDemo */,
				1231E615223B57B1001D403B /* FlutterHybridDemoTests */,
				1231E620223B57B1001D403B /* FlutterHybridDemoUITests */,
			);
		};
/* End PBXProject section */

/* Begin PBXResourcesBuildPhase section */
		1231E5FC223B57AF001D403B /* Resources */ = {
			isa = PBXResourcesBuildPhase;
			buildActionMask = 2147483647;
			files = (
				1231E60E223B57B0001D403B /* LaunchScreen.storyboard in Resources */,
				1231E60B223B57B0001D403B /* Assets.xcassets in Resources */,
				1231E609223B57B0001D403B /* Main.storyboard in Resources */,
			);
			runOnlyForDeploymentPostprocessing = 0;
		};
		1231E614223B57B1001D403B /* Resources */ = {
			isa = PBXResourcesBuildPhase;
			buildActionMask = 2147483647;
			files = (
			);
			runOnlyForDeploymentPostprocessing = 0;
		};
		1231E61F223B57B1001D403B /* Resources */ = {
			isa = PBXResourcesBuildPhase;
			buildActionMask = 2147483647;
			files = (
			);
			runOnlyForDeploymentPostprocessing = 0;
		};
/* End PBXResourcesBuildPhase section */

/* Begin PBXShellScriptBuildPhase section */
		1231E633223B5C3B001D403B /* flutter */ = {
			isa = PBXShellScriptBuildPhase;
			buildActionMask = 2147483647;
			files = (
			);
			inputFileListPaths = (
			);
			inputPaths = (
			);
			name = flutter;
			outputFileListPaths = (
			);
			outputPaths = (
			);
			runOnlyForDeploymentPostprocessing = 0;
			shellPath = /bin/sh;
			shellScript = "\"$FLUTTER_ROOT/packages/flutter_tools/bin/xcode_backend.sh\" build\n\"$FLUTTER_ROOT/packages/flutter_tools/bin/xcode_backend.sh\" embed\n";
		};
		4667952122ACDA20DF24AECE /* [CP] Embed Pods Frameworks */ = {
			isa = PBXShellScriptBuildPhase;
			buildActionMask = 2147483647;
			files = (
			);
			inputPaths = (
				"${SRCROOT}/Pods/Target Support Files/Pods-FlutterHybridDemo/Pods-FlutterHybridDemo-frameworks.sh",
				"${PODS_ROOT}/../flutter_demo/.ios/Flutter/engine/Flutter.framework",
			);
			name = "[CP] Embed Pods Frameworks";
			outputPaths = (
				"${TARGET_BUILD_DIR}/${FRAMEWORKS_FOLDER_PATH}/Flutter.framework",
			);
			runOnlyForDeploymentPostprocessing = 0;
			shellPath = /bin/sh;
			shellScript = "\"${SRCROOT}/Pods/Target Support Files/Pods-FlutterHybridDemo/Pods-FlutterHybridDemo-frameworks.sh\"\n";
			showEnvVarsInLog = 0;
		};
		7BD599E799A41F3EAE8EE1CD /* [CP] Copy Pods Resources */ = {
			isa = PBXShellScriptBuildPhase;
			buildActionMask = 2147483647;
			files = (
			);
			inputPaths = (
				"${SRCROOT}/Pods/Target Support Files/Pods-FlutterHybridDemo/Pods-FlutterHybridDemo-resources.sh",
				"${PODS_ROOT}/MJRefresh/MJRefresh/MJRefresh.bundle",
				"${PODS_CONFIGURATION_BUILD_DIR}/Nimbus/WebController.bundle",
				"${PODS_ROOT}/SVProgressHUD/SVProgressHUD/SVProgressHUD.bundle",
			);
			name = "[CP] Copy Pods Resources";
			outputPaths = (
				"${TARGET_BUILD_DIR}/${UNLOCALIZED_RESOURCES_FOLDER_PATH}/MJRefresh.bundle",
				"${TARGET_BUILD_DIR}/${UNLOCALIZED_RESOURCES_FOLDER_PATH}/WebController.bundle",
				"${TARGET_BUILD_DIR}/${UNLOCALIZED_RESOURCES_FOLDER_PATH}/SVProgressHUD.bundle",
			);
			runOnlyForDeploymentPostprocessing = 0;
			shellPath = /bin/sh;
			shellScript = "\"${SRCROOT}/Pods/Target Support Files/Pods-FlutterHybridDemo/Pods-FlutterHybridDemo-resources.sh\"\n";
			showEnvVarsInLog = 0;
		};
		815B354F2303AD09C7E09F5D /* [CP] Check Pods Manifest.lock */ = {
			isa = PBXShellScriptBuildPhase;
			buildActionMask = 2147483647;
			files = (
			);
			inputPaths = (
				"${PODS_PODFILE_DIR_PATH}/Podfile.lock",
				"${PODS_ROOT}/Manifest.lock",
			);
			name = "[CP] Check Pods Manifest.lock";
			outputPaths = (
				"$(DERIVED_FILE_DIR)/Pods-FlutterHybridDemo-checkManifestLockResult.txt",
			);
			runOnlyForDeploymentPostprocessing = 0;
			shellPath = /bin/sh;
			shellScript = "diff \"${PODS_PODFILE_DIR_PATH}/Podfile.lock\" \"${PODS_ROOT}/Manifest.lock\" > /dev/null\nif [ $? != 0 ] ; then\n    # print error to STDERR\n    echo \"error: The sandbox is not in sync with the Podfile.lock. Run 'pod install' or update your CocoaPods installation.\" >&2\n    exit 1\nfi\n# This output is used by Xcode 'outputs' to avoid re-running this script phase.\necho \"SUCCESS\" > \"${SCRIPT_OUTPUT_FILE_0}\"\n";
			showEnvVarsInLog = 0;
		};
/* End PBXShellScriptBuildPhase section */

/* Begin PBXSourcesBuildPhase section */
		1231E5FA223B57AF001D403B /* Sources */ = {
			isa = PBXSourcesBuildPhase;
			buildActionMask = 2147483647;
			files = (
				1231E606223B57B0001D403B /* ViewController.m in Sources */,
				1231E611223B57B1001D403B /* main.m in Sources */,
				1231E603223B57AF001D403B /* AppDelegate.m in Sources */,
				1231E6BB223B6C52001D403B /* CYTabVC.m in Sources */,
				1231E6BA223B6C52001D403B /* AppearanceUtils.m in Sources */,
				126B1849224F2B5300E7D732 /* NewsVC.swift in Sources */,
				126B1847224F2B4000E7D732 /* SettingsVC.swift in Sources */,
				8288028C09C5BDAA2769FCEF /* HBSpecClosePage.swift in Sources */,
				82880FBB6E609883459DC6CA /* HBSpec.swift in Sources */,
				82880E94CBF3ACDEC22B59C0 /* HBResult.swift in Sources */,
				82880AB3D6CB00F4B529E994 /* HBSpecAlert.swift in Sources */,
				8288079384F33397DB52FF3A /* HBShowAlert.swift in Sources */,
				8288015A9FF9F07C1A421044 /* HBClosePage.swift in Sources */,
				8288082A1A936BCD7C800E5A /* HBAction.swift in Sources */,
				82880963927D7574E69F6C8D /* HBActionCenter.swift in Sources */,
				828801D2E46C83CAB7C1AE4F /* HBSpecNativeHttp.swift in Sources */,
				82880F9E4B1135CB4B869050 /* HBNativeHttp.swift in Sources */,
				82880BF2B878F7DC16A202FB /* HBSpecSubscribeEvent.swift in Sources */,
				828800A900BCF89ED158D994 /* HBSubscribeEvent.swift in Sources */,
				828804A8699A808E429CE918 /* HBSpecEmitEvent.swift in Sources */,
				82880D87DC92A8E1B8796304 /* HBEmitEvent.swift in Sources */,
				82880EE90845A13964966B00 /* HBEventCenter.swift in Sources */,
				82880F9CA557DD680AAB678D /* HBSpecPageParameter.swift in Sources */,
				828801CF22C3D400BA0E6080 /* HBSpecOpenPage.swift in Sources */,
				8288002F1DC5C8ADACD972CA /* HBSpecUpdatePage.swift in Sources */,
				82880B293853AB197C327051 /* HBSpecBarButton.swift in Sources */,
				82880FCA5DF6BC0BA4EBC5CC /* HBFlutterClient.swift in Sources */,
				82880BE0A0B5064AA0F2CB57 /* HBFlutterVC.swift in Sources */,
				8288023E67AC1C1214D7F12A /* HBPageOps.swift in Sources */,
				828802357A7516D9651166F8 /* HBOpenPage.swift in Sources */,
				82880CE829EDA40122BBC516 /* HBFlutter.swift in Sources */,
				828806DB414BA071A07D8D12 /* HBUpdatePage.swift in Sources */,
				828809B5066B450943BEF87C /* HBSpecGetInitArgs.swift in Sources */,
				8288090D47FEFFC962F8B1AC /* HBGetInitArgs.swift in Sources */,
				828808F4AF9602FC36839547 /* HBClient.swift in Sources */,
				82880B5C074D6F740E9F8EB6 /* HBContext.swift in Sources */,
				828807198A3BC0A3A563FEED /* HBPageProvider.swift in Sources */,
				828808E14C7165D53935366F /* HBBarButtonItem.swift in Sources */,
				82880681150DB52FFCA4953E /* HBActionItemProtocol.swift in Sources */,
				82880569224B6AB21A2076A9 /* HBClientSpecCallback.swift in Sources */,
				8288002F71353FDBD22DCD45 /* HBClientSpecPop.swift in Sources */,
				828801DC7C1DE9418113DA58 /* HBClientSpec.swift in Sources */,
				82880578958B703B7219D04C /* HBSpecTypes.swift in Sources */,
			);
			runOnlyForDeploymentPostprocessing = 0;
		};
		1231E612223B57B1001D403B /* Sources */ = {
			isa = PBXSourcesBuildPhase;
			buildActionMask = 2147483647;
			files = (
				1231E61B223B57B1001D403B /* FlutterHybridDemoTests.m in Sources */,
			);
			runOnlyForDeploymentPostprocessing = 0;
		};
		1231E61D223B57B1001D403B /* Sources */ = {
			isa = PBXSourcesBuildPhase;
			buildActionMask = 2147483647;
			files = (
				1231E626223B57B1001D403B /* FlutterHybridDemoUITests.m in Sources */,
			);
			runOnlyForDeploymentPostprocessing = 0;
		};
/* End PBXSourcesBuildPhase section */

/* Begin PBXTargetDependency section */
		1231E618223B57B1001D403B /* PBXTargetDependency */ = {
			isa = PBXTargetDependency;
			target = 1231E5FD223B57AF001D403B /* FlutterHybridDemo */;
			targetProxy = 1231E617223B57B1001D403B /* PBXContainerItemProxy */;
		};
		1231E623223B57B1001D403B /* PBXTargetDependency */ = {
			isa = PBXTargetDependency;
			target = 1231E5FD223B57AF001D403B /* FlutterHybridDemo */;
			targetProxy = 1231E622223B57B1001D403B /* PBXContainerItemProxy */;
		};
/* End PBXTargetDependency section */

/* Begin PBXVariantGroup section */
		1231E607223B57B0001D403B /* Main.storyboard */ = {
			isa = PBXVariantGroup;
			children = (
				1231E608223B57B0001D403B /* Base */,
			);
			name = Main.storyboard;
			sourceTree = "<group>";
		};
		1231E60C223B57B0001D403B /* LaunchScreen.storyboard */ = {
			isa = PBXVariantGroup;
			children = (
				1231E60D223B57B0001D403B /* Base */,
			);
			name = LaunchScreen.storyboard;
			sourceTree = "<group>";
		};
/* End PBXVariantGroup section */

/* Begin XCBuildConfiguration section */
		1231E628223B57B1001D403B /* Debug */ = {
			isa = XCBuildConfiguration;
			buildSettings = {
				ALWAYS_SEARCH_USER_PATHS = NO;
				CLANG_ANALYZER_NONNULL = YES;
				CLANG_ANALYZER_NUMBER_OBJECT_CONVERSION = YES_AGGRESSIVE;
				CLANG_CXX_LANGUAGE_STANDARD = "gnu++14";
				CLANG_CXX_LIBRARY = "libc++";
				CLANG_ENABLE_MODULES = YES;
				CLANG_ENABLE_OBJC_ARC = YES;
				CLANG_ENABLE_OBJC_WEAK = YES;
				CLANG_WARN_BLOCK_CAPTURE_AUTORELEASING = YES;
				CLANG_WARN_BOOL_CONVERSION = YES;
				CLANG_WARN_COMMA = YES;
				CLANG_WARN_CONSTANT_CONVERSION = YES;
				CLANG_WARN_DEPRECATED_OBJC_IMPLEMENTATIONS = YES;
				CLANG_WARN_DIRECT_OBJC_ISA_USAGE = YES_ERROR;
				CLANG_WARN_DOCUMENTATION_COMMENTS = YES;
				CLANG_WARN_EMPTY_BODY = YES;
				CLANG_WARN_ENUM_CONVERSION = YES;
				CLANG_WARN_INFINITE_RECURSION = YES;
				CLANG_WARN_INT_CONVERSION = YES;
				CLANG_WARN_NON_LITERAL_NULL_CONVERSION = YES;
				CLANG_WARN_OBJC_IMPLICIT_RETAIN_SELF = YES;
				CLANG_WARN_OBJC_LITERAL_CONVERSION = YES;
				CLANG_WARN_OBJC_ROOT_CLASS = YES_ERROR;
				CLANG_WARN_RANGE_LOOP_ANALYSIS = YES;
				CLANG_WARN_STRICT_PROTOTYPES = YES;
				CLANG_WARN_SUSPICIOUS_MOVE = YES;
				CLANG_WARN_UNGUARDED_AVAILABILITY = YES_AGGRESSIVE;
				CLANG_WARN_UNREACHABLE_CODE = YES;
				CLANG_WARN__DUPLICATE_METHOD_MATCH = YES;
				CODE_SIGN_IDENTITY = "iPhone Developer";
				COPY_PHASE_STRIP = NO;
				DEBUG_INFORMATION_FORMAT = dwarf;
				ENABLE_STRICT_OBJC_MSGSEND = YES;
				ENABLE_TESTABILITY = YES;
				GCC_C_LANGUAGE_STANDARD = gnu11;
				GCC_DYNAMIC_NO_PIC = NO;
				GCC_NO_COMMON_BLOCKS = YES;
				GCC_OPTIMIZATION_LEVEL = 0;
				GCC_PREPROCESSOR_DEFINITIONS = (
					"DEBUG=1",
					"$(inherited)",
				);
				GCC_WARN_64_TO_32_BIT_CONVERSION = YES;
				GCC_WARN_ABOUT_RETURN_TYPE = YES_ERROR;
				GCC_WARN_UNDECLARED_SELECTOR = YES;
				GCC_WARN_UNINITIALIZED_AUTOS = YES_AGGRESSIVE;
				GCC_WARN_UNUSED_FUNCTION = YES;
				GCC_WARN_UNUSED_VARIABLE = YES;
				IPHONEOS_DEPLOYMENT_TARGET = 12.1;
				MTL_ENABLE_DEBUG_INFO = INCLUDE_SOURCE;
				MTL_FAST_MATH = YES;
				ONLY_ACTIVE_ARCH = YES;
				SDKROOT = iphoneos;
			};
			name = Debug;
		};
		1231E629223B57B1001D403B /* Release */ = {
			isa = XCBuildConfiguration;
			buildSettings = {
				ALWAYS_SEARCH_USER_PATHS = NO;
				CLANG_ANALYZER_NONNULL = YES;
				CLANG_ANALYZER_NUMBER_OBJECT_CONVERSION = YES_AGGRESSIVE;
				CLANG_CXX_LANGUAGE_STANDARD = "gnu++14";
				CLANG_CXX_LIBRARY = "libc++";
				CLANG_ENABLE_MODULES = YES;
				CLANG_ENABLE_OBJC_ARC = YES;
				CLANG_ENABLE_OBJC_WEAK = YES;
				CLANG_WARN_BLOCK_CAPTURE_AUTORELEASING = YES;
				CLANG_WARN_BOOL_CONVERSION = YES;
				CLANG_WARN_COMMA = YES;
				CLANG_WARN_CONSTANT_CONVERSION = YES;
				CLANG_WARN_DEPRECATED_OBJC_IMPLEMENTATIONS = YES;
				CLANG_WARN_DIRECT_OBJC_ISA_USAGE = YES_ERROR;
				CLANG_WARN_DOCUMENTATION_COMMENTS = YES;
				CLANG_WARN_EMPTY_BODY = YES;
				CLANG_WARN_ENUM_CONVERSION = YES;
				CLANG_WARN_INFINITE_RECURSION = YES;
				CLANG_WARN_INT_CONVERSION = YES;
				CLANG_WARN_NON_LITERAL_NULL_CONVERSION = YES;
				CLANG_WARN_OBJC_IMPLICIT_RETAIN_SELF = YES;
				CLANG_WARN_OBJC_LITERAL_CONVERSION = YES;
				CLANG_WARN_OBJC_ROOT_CLASS = YES_ERROR;
				CLANG_WARN_RANGE_LOOP_ANALYSIS = YES;
				CLANG_WARN_STRICT_PROTOTYPES = YES;
				CLANG_WARN_SUSPICIOUS_MOVE = YES;
				CLANG_WARN_UNGUARDED_AVAILABILITY = YES_AGGRESSIVE;
				CLANG_WARN_UNREACHABLE_CODE = YES;
				CLANG_WARN__DUPLICATE_METHOD_MATCH = YES;
				CODE_SIGN_IDENTITY = "iPhone Developer";
				COPY_PHASE_STRIP = NO;
				DEBUG_INFORMATION_FORMAT = "dwarf-with-dsym";
				ENABLE_NS_ASSERTIONS = NO;
				ENABLE_STRICT_OBJC_MSGSEND = YES;
				GCC_C_LANGUAGE_STANDARD = gnu11;
				GCC_NO_COMMON_BLOCKS = YES;
				GCC_WARN_64_TO_32_BIT_CONVERSION = YES;
				GCC_WARN_ABOUT_RETURN_TYPE = YES_ERROR;
				GCC_WARN_UNDECLARED_SELECTOR = YES;
				GCC_WARN_UNINITIALIZED_AUTOS = YES_AGGRESSIVE;
				GCC_WARN_UNUSED_FUNCTION = YES;
				GCC_WARN_UNUSED_VARIABLE = YES;
				IPHONEOS_DEPLOYMENT_TARGET = 12.1;
				MTL_ENABLE_DEBUG_INFO = NO;
				MTL_FAST_MATH = YES;
				SDKROOT = iphoneos;
				VALIDATE_PRODUCT = YES;
			};
			name = Release;
		};
		1231E62B223B57B1001D403B /* Debug */ = {
			isa = XCBuildConfiguration;
			baseConfigurationReference = 15791724F1FB80D8F6028DD8 /* Pods-FlutterHybridDemo.debug.xcconfig */;
			buildSettings = {
				ASSETCATALOG_COMPILER_APPICON_NAME = AppIcon;
				CODE_SIGN_STYLE = Automatic;
				DEVELOPMENT_TEAM = KN3N6ZJA53;
				INFOPLIST_FILE = FlutterHybridDemo/Info.plist;
				LD_RUNPATH_SEARCH_PATHS = (
					"$(inherited)",
					"@executable_path/Frameworks",
				);
				PRODUCT_BUNDLE_IDENTIFIER = me.lattern.FlutterHybridDemo;
				PRODUCT_NAME = "$(TARGET_NAME)";
				SWIFT_OBJC_BRIDGING_HEADER = "flutter_ios_utils/Classes/hybrid/Swift-Bridge.h";
				SWIFT_VERSION = 4.2;
				TARGETED_DEVICE_FAMILY = "1,2";
			};
			name = Debug;
		};
		1231E62C223B57B1001D403B /* Release */ = {
			isa = XCBuildConfiguration;
			baseConfigurationReference = 0E27B6C4227FD8F1908411F5 /* Pods-FlutterHybridDemo.release.xcconfig */;
			buildSettings = {
				ASSETCATALOG_COMPILER_APPICON_NAME = AppIcon;
				CODE_SIGN_STYLE = Automatic;
				DEVELOPMENT_TEAM = KN3N6ZJA53;
				INFOPLIST_FILE = FlutterHybridDemo/Info.plist;
				LD_RUNPATH_SEARCH_PATHS = (
					"$(inherited)",
					"@executable_path/Frameworks",
				);
				PRODUCT_BUNDLE_IDENTIFIER = me.lattern.FlutterHybridDemo;
				PRODUCT_NAME = "$(TARGET_NAME)";
				SWIFT_OBJC_BRIDGING_HEADER = "flutter_ios_utils/Classes/hybrid/Swift-Bridge.h";
				SWIFT_VERSION = 4.2;
				TARGETED_DEVICE_FAMILY = "1,2";
			};
			name = Release;
		};
		1231E62E223B57B1001D403B /* Debug */ = {
			isa = XCBuildConfiguration;
			buildSettings = {
				BUNDLE_LOADER = "$(TEST_HOST)";
				CODE_SIGN_STYLE = Automatic;
				DEVELOPMENT_TEAM = KN3N6ZJA53;
				INFOPLIST_FILE = FlutterHybridDemoTests/Info.plist;
				LD_RUNPATH_SEARCH_PATHS = (
					"$(inherited)",
					"@executable_path/Frameworks",
					"@loader_path/Frameworks",
				);
				PRODUCT_BUNDLE_IDENTIFIER = me.lattern.FlutterHybridDemoTests;
				PRODUCT_NAME = "$(TARGET_NAME)";
				TARGETED_DEVICE_FAMILY = "1,2";
				TEST_HOST = "$(BUILT_PRODUCTS_DIR)/FlutterHybridDemo.app/FlutterHybridDemo";
			};
			name = Debug;
		};
		1231E62F223B57B1001D403B /* Release */ = {
			isa = XCBuildConfiguration;
			buildSettings = {
				BUNDLE_LOADER = "$(TEST_HOST)";
				CODE_SIGN_STYLE = Automatic;
				DEVELOPMENT_TEAM = KN3N6ZJA53;
				INFOPLIST_FILE = FlutterHybridDemoTests/Info.plist;
				LD_RUNPATH_SEARCH_PATHS = (
					"$(inherited)",
					"@executable_path/Frameworks",
					"@loader_path/Frameworks",
				);
				PRODUCT_BUNDLE_IDENTIFIER = me.lattern.FlutterHybridDemoTests;
				PRODUCT_NAME = "$(TARGET_NAME)";
				TARGETED_DEVICE_FAMILY = "1,2";
				TEST_HOST = "$(BUILT_PRODUCTS_DIR)/FlutterHybridDemo.app/FlutterHybridDemo";
			};
			name = Release;
		};
		1231E631223B57B1001D403B /* Debug */ = {
			isa = XCBuildConfiguration;
			buildSettings = {
				CODE_SIGN_STYLE = Automatic;
				DEVELOPMENT_TEAM = KN3N6ZJA53;
				INFOPLIST_FILE = FlutterHybridDemoUITests/Info.plist;
				LD_RUNPATH_SEARCH_PATHS = (
					"$(inherited)",
					"@executable_path/Frameworks",
					"@loader_path/Frameworks",
				);
				PRODUCT_BUNDLE_IDENTIFIER = me.lattern.FlutterHybridDemoUITests;
				PRODUCT_NAME = "$(TARGET_NAME)";
				TARGETED_DEVICE_FAMILY = "1,2";
				TEST_TARGET_NAME = FlutterHybridDemo;
			};
			name = Debug;
		};
		1231E632223B57B1001D403B /* Release */ = {
			isa = XCBuildConfiguration;
			buildSettings = {
				CODE_SIGN_STYLE = Automatic;
				DEVELOPMENT_TEAM = KN3N6ZJA53;
				INFOPLIST_FILE = FlutterHybridDemoUITests/Info.plist;
				LD_RUNPATH_SEARCH_PATHS = (
					"$(inherited)",
					"@executable_path/Frameworks",
					"@loader_path/Frameworks",
				);
				PRODUCT_BUNDLE_IDENTIFIER = me.lattern.FlutterHybridDemoUITests;
				PRODUCT_NAME = "$(TARGET_NAME)";
				TARGETED_DEVICE_FAMILY = "1,2";
				TEST_TARGET_NAME = FlutterHybridDemo;
			};
			name = Release;
		};
/* End XCBuildConfiguration section */

/* Begin XCConfigurationList section */
		1231E5F9223B57AF001D403B /* Build configuration list for PBXProject "FlutterHybridDemo" */ = {
			isa = XCConfigurationList;
			buildConfigurations = (
				1231E628223B57B1001D403B /* Debug */,
				1231E629223B57B1001D403B /* Release */,
			);
			defaultConfigurationIsVisible = 0;
			defaultConfigurationName = Release;
		};
		1231E62A223B57B1001D403B /* Build configuration list for PBXNativeTarget "FlutterHybridDemo" */ = {
			isa = XCConfigurationList;
			buildConfigurations = (
				1231E62B223B57B1001D403B /* Debug */,
				1231E62C223B57B1001D403B /* Release */,
			);
			defaultConfigurationIsVisible = 0;
			defaultConfigurationName = Release;
		};
		1231E62D223B57B1001D403B /* Build configuration list for PBXNativeTarget "FlutterHybridDemoTests" */ = {
			isa = XCConfigurationList;
			buildConfigurations = (
				1231E62E223B57B1001D403B /* Debug */,
				1231E62F223B57B1001D403B /* Release */,
			);
			defaultConfigurationIsVisible = 0;
			defaultConfigurationName = Release;
		};
		1231E630223B57B1001D403B /* Build configuration list for PBXNativeTarget "FlutterHybridDemoUITests" */ = {
			isa = XCConfigurationList;
			buildConfigurations = (
				1231E631223B57B1001D403B /* Debug */,
				1231E632223B57B1001D403B /* Release */,
			);
			defaultConfigurationIsVisible = 0;
			defaultConfigurationName = Release;
		};
/* End XCConfigurationList section */
	};
	rootObject = 1231E5F6223B57AF001D403B /* Project object */;
}
